// !$*UTF8*$!
{
	archiveVersion = 1;
	classes = {
	};
	objectVersion = 55;
	objects = {

/* Begin PBXBuildFile section */
		8601DB3227735F6D00AB5B0A /* SearchBarView.swift in Sources */ = {isa = PBXBuildFile; fileRef = 8601DB3127735F6D00AB5B0A /* SearchBarView.swift */; };
		8601DB342773638200AB5B0A /* UIApplication+Extension.swift in Sources */ = {isa = PBXBuildFile; fileRef = 8601DB332773638200AB5B0A /* UIApplication+Extension.swift */; };
		860F78E8276F13F100F9A3FC /* Coin.swift in Sources */ = {isa = PBXBuildFile; fileRef = 860F78E7276F13F100F9A3FC /* Coin.swift */; };
		860F78EA276F339F00F9A3FC /* CoinRowView.swift in Sources */ = {isa = PBXBuildFile; fileRef = 860F78E9276F339F00F9A3FC /* CoinRowView.swift */; };
		860F78EC276F33E000F9A3FC /* PreviewProvider+Extension.swift in Sources */ = {isa = PBXBuildFile; fileRef = 860F78EB276F33E000F9A3FC /* PreviewProvider+Extension.swift */; };
		860F78EE276F370500F9A3FC /* Double+Extension.swift in Sources */ = {isa = PBXBuildFile; fileRef = 860F78ED276F370500F9A3FC /* Double+Extension.swift */; };
		860F78F0276F3F7B00F9A3FC /* HomeViewModel.swift in Sources */ = {isa = PBXBuildFile; fileRef = 860F78EF276F3F7B00F9A3FC /* HomeViewModel.swift */; };
		863432B127721BE300253931 /* LocalFileManager.swift in Sources */ = {isa = PBXBuildFile; fileRef = 863432B027721BE300253931 /* LocalFileManager.swift */; };
		863BF8D62779EBFB0051020C /* PortfolioContainer.xcdatamodeld in Sources */ = {isa = PBXBuildFile; fileRef = 863BF8D42779EBFB0051020C /* PortfolioContainer.xcdatamodeld */; };
		863BF8D82779ECE00051020C /* PortfolioDataService.swift in Sources */ = {isa = PBXBuildFile; fileRef = 863BF8D72779ECE00051020C /* PortfolioDataService.swift */; };
		865C720F277B396B006877B3 /* HapticManager.swift in Sources */ = {isa = PBXBuildFile; fileRef = 865C720E277B396B006877B3 /* HapticManager.swift */; };
		866DDBF9276E1B2C0011EAC1 /* CryptoTrackerApp.swift in Sources */ = {isa = PBXBuildFile; fileRef = 866DDBF8276E1B2C0011EAC1 /* CryptoTrackerApp.swift */; };
		866DDBFB276E1B2C0011EAC1 /* ContentView.swift in Sources */ = {isa = PBXBuildFile; fileRef = 866DDBFA276E1B2C0011EAC1 /* ContentView.swift */; };
		866DDC00276E1B2D0011EAC1 /* Preview Assets.xcassets in Resources */ = {isa = PBXBuildFile; fileRef = 866DDBFF276E1B2D0011EAC1 /* Preview Assets.xcassets */; };
		866DDC07276E1B860011EAC1 /* Assets.xcassets in Resources */ = {isa = PBXBuildFile; fileRef = 866DDC06276E1B860011EAC1 /* Assets.xcassets */; };
		866DDC0A276E1BF30011EAC1 /* Color+Extension.swift in Sources */ = {isa = PBXBuildFile; fileRef = 866DDC09276E1BF30011EAC1 /* Color+Extension.swift */; };
		866DDC12276E1F6B0011EAC1 /* HomeView.swift in Sources */ = {isa = PBXBuildFile; fileRef = 866DDC11276E1F6B0011EAC1 /* HomeView.swift */; };
		866DDC18276E20820011EAC1 /* CircleButtonView.swift in Sources */ = {isa = PBXBuildFile; fileRef = 866DDC17276E20820011EAC1 /* CircleButtonView.swift */; };
		866DDC1A276E24140011EAC1 /* CircleButtonAnimationView.swift in Sources */ = {isa = PBXBuildFile; fileRef = 866DDC19276E24140011EAC1 /* CircleButtonAnimationView.swift */; };
		867F44D42770BDC8006DF817 /* NetworkingManager.swift in Sources */ = {isa = PBXBuildFile; fileRef = 867F44D32770BDC8006DF817 /* NetworkingManager.swift */; };
		8692A85C277730BD00B2AA2A /* Statistic.swift in Sources */ = {isa = PBXBuildFile; fileRef = 8692A85B277730BD00B2AA2A /* Statistic.swift */; };
		8692A85E277731F300B2AA2A /* StatisticsView.swift in Sources */ = {isa = PBXBuildFile; fileRef = 8692A85D277731F300B2AA2A /* StatisticsView.swift */; };
		8692A8602777345300B2AA2A /* HomeStatsView.swift in Sources */ = {isa = PBXBuildFile; fileRef = 8692A85F2777345300B2AA2A /* HomeStatsView.swift */; };
		8692A86227773C5300B2AA2A /* MarketData.swift in Sources */ = {isa = PBXBuildFile; fileRef = 8692A86127773C5300B2AA2A /* MarketData.swift */; };
		8692A86427773F7D00B2AA2A /* MaketDataService.swift in Sources */ = {isa = PBXBuildFile; fileRef = 8692A86327773F7D00B2AA2A /* MaketDataService.swift */; };
		86DF8ADB276F4A1900C0E95B /* CoinDataService.swift in Sources */ = {isa = PBXBuildFile; fileRef = 86DF8ADA276F4A1900C0E95B /* CoinDataService.swift */; };
		86E9108C2771FC010062F15D /* CoinImageView.swift in Sources */ = {isa = PBXBuildFile; fileRef = 86E9108B2771FC010062F15D /* CoinImageView.swift */; };
		86E9108E2771FC320062F15D /* CoinImageViewModel.swift in Sources */ = {isa = PBXBuildFile; fileRef = 86E9108D2771FC320062F15D /* CoinImageViewModel.swift */; };
		86E910902771FDB50062F15D /* CoinImageService.swift in Sources */ = {isa = PBXBuildFile; fileRef = 86E9108F2771FDB50062F15D /* CoinImageService.swift */; };
		86FC995B2778904B0059C118 /* PortfolioView.swift in Sources */ = {isa = PBXBuildFile; fileRef = 86FC995A2778904B0059C118 /* PortfolioView.swift */; };
		86FC995D277892C00059C118 /* XMarkButton.swift in Sources */ = {isa = PBXBuildFile; fileRef = 86FC995C277892C00059C118 /* XMarkButton.swift */; };
		86FC995F277895F40059C118 /* CoinLogoView.swift in Sources */ = {isa = PBXBuildFile; fileRef = 86FC995E277895F40059C118 /* CoinLogoView.swift */; };
/* End PBXBuildFile section */

/* Begin PBXFileReference section */
		8601DB3127735F6D00AB5B0A /* SearchBarView.swift */ = {isa = PBXFileReference; lastKnownFileType = sourcecode.swift; path = SearchBarView.swift; sourceTree = "<group>"; };
		8601DB332773638200AB5B0A /* UIApplication+Extension.swift */ = {isa = PBXFileReference; lastKnownFileType = sourcecode.swift; path = "UIApplication+Extension.swift"; sourceTree = "<group>"; };
		860F78E7276F13F100F9A3FC /* Coin.swift */ = {isa = PBXFileReference; lastKnownFileType = sourcecode.swift; path = Coin.swift; sourceTree = "<group>"; };
		860F78E9276F339F00F9A3FC /* CoinRowView.swift */ = {isa = PBXFileReference; lastKnownFileType = sourcecode.swift; path = CoinRowView.swift; sourceTree = "<group>"; };
		860F78EB276F33E000F9A3FC /* PreviewProvider+Extension.swift */ = {isa = PBXFileReference; lastKnownFileType = sourcecode.swift; path = "PreviewProvider+Extension.swift"; sourceTree = "<group>"; };
		860F78ED276F370500F9A3FC /* Double+Extension.swift */ = {isa = PBXFileReference; lastKnownFileType = sourcecode.swift; path = "Double+Extension.swift"; sourceTree = "<group>"; };
		860F78EF276F3F7B00F9A3FC /* HomeViewModel.swift */ = {isa = PBXFileReference; lastKnownFileType = sourcecode.swift; path = HomeViewModel.swift; sourceTree = "<group>"; };
		863432B027721BE300253931 /* LocalFileManager.swift */ = {isa = PBXFileReference; lastKnownFileType = sourcecode.swift; path = LocalFileManager.swift; sourceTree = "<group>"; };
		863BF8D52779EBFB0051020C /* PortfolioContainer.xcdatamodel */ = {isa = PBXFileReference; lastKnownFileType = wrapper.xcdatamodel; path = PortfolioContainer.xcdatamodel; sourceTree = "<group>"; };
		863BF8D72779ECE00051020C /* PortfolioDataService.swift */ = {isa = PBXFileReference; lastKnownFileType = sourcecode.swift; path = PortfolioDataService.swift; sourceTree = "<group>"; };
		865C720E277B396B006877B3 /* HapticManager.swift */ = {isa = PBXFileReference; lastKnownFileType = sourcecode.swift; path = HapticManager.swift; sourceTree = "<group>"; };
		866DDBF5276E1B2C0011EAC1 /* CryptoTracker.app */ = {isa = PBXFileReference; explicitFileType = wrapper.application; includeInIndex = 0; path = CryptoTracker.app; sourceTree = BUILT_PRODUCTS_DIR; };
		866DDBF8276E1B2C0011EAC1 /* CryptoTrackerApp.swift */ = {isa = PBXFileReference; lastKnownFileType = sourcecode.swift; path = CryptoTrackerApp.swift; sourceTree = "<group>"; };
		866DDBFA276E1B2C0011EAC1 /* ContentView.swift */ = {isa = PBXFileReference; lastKnownFileType = sourcecode.swift; path = ContentView.swift; sourceTree = "<group>"; };
		866DDBFF276E1B2D0011EAC1 /* Preview Assets.xcassets */ = {isa = PBXFileReference; lastKnownFileType = folder.assetcatalog; path = "Preview Assets.xcassets"; sourceTree = "<group>"; };
		866DDC06276E1B860011EAC1 /* Assets.xcassets */ = {isa = PBXFileReference; lastKnownFileType = folder.assetcatalog; name = Assets.xcassets; path = ../../../../../Downloads/Resources/Assets.xcassets; sourceTree = "<group>"; };
		866DDC09276E1BF30011EAC1 /* Color+Extension.swift */ = {isa = PBXFileReference; lastKnownFileType = sourcecode.swift; path = "Color+Extension.swift"; sourceTree = "<group>"; };
		866DDC11276E1F6B0011EAC1 /* HomeView.swift */ = {isa = PBXFileReference; lastKnownFileType = sourcecode.swift; path = HomeView.swift; sourceTree = "<group>"; };
		866DDC17276E20820011EAC1 /* CircleButtonView.swift */ = {isa = PBXFileReference; lastKnownFileType = sourcecode.swift; path = CircleButtonView.swift; sourceTree = "<group>"; };
		866DDC19276E24140011EAC1 /* CircleButtonAnimationView.swift */ = {isa = PBXFileReference; lastKnownFileType = sourcecode.swift; path = CircleButtonAnimationView.swift; sourceTree = "<group>"; };
		867F44D32770BDC8006DF817 /* NetworkingManager.swift */ = {isa = PBXFileReference; lastKnownFileType = sourcecode.swift; path = NetworkingManager.swift; sourceTree = "<group>"; };
		8692A85B277730BD00B2AA2A /* Statistic.swift */ = {isa = PBXFileReference; lastKnownFileType = sourcecode.swift; path = Statistic.swift; sourceTree = "<group>"; };
		8692A85D277731F300B2AA2A /* StatisticsView.swift */ = {isa = PBXFileReference; lastKnownFileType = sourcecode.swift; path = StatisticsView.swift; sourceTree = "<group>"; };
		8692A85F2777345300B2AA2A /* HomeStatsView.swift */ = {isa = PBXFileReference; lastKnownFileType = sourcecode.swift; path = HomeStatsView.swift; sourceTree = "<group>"; };
		8692A86127773C5300B2AA2A /* MarketData.swift */ = {isa = PBXFileReference; lastKnownFileType = sourcecode.swift; path = MarketData.swift; sourceTree = "<group>"; };
		8692A86327773F7D00B2AA2A /* MaketDataService.swift */ = {isa = PBXFileReference; lastKnownFileType = sourcecode.swift; path = MaketDataService.swift; sourceTree = "<group>"; };
		86DF8ADA276F4A1900C0E95B /* CoinDataService.swift */ = {isa = PBXFileReference; lastKnownFileType = sourcecode.swift; path = CoinDataService.swift; sourceTree = "<group>"; };
		86E9108B2771FC010062F15D /* CoinImageView.swift */ = {isa = PBXFileReference; lastKnownFileType = sourcecode.swift; path = CoinImageView.swift; sourceTree = "<group>"; };
		86E9108D2771FC320062F15D /* CoinImageViewModel.swift */ = {isa = PBXFileReference; lastKnownFileType = sourcecode.swift; path = CoinImageViewModel.swift; sourceTree = "<group>"; };
		86E9108F2771FDB50062F15D /* CoinImageService.swift */ = {isa = PBXFileReference; lastKnownFileType = sourcecode.swift; path = CoinImageService.swift; sourceTree = "<group>"; };
		86FC995A2778904B0059C118 /* PortfolioView.swift */ = {isa = PBXFileReference; lastKnownFileType = sourcecode.swift; path = PortfolioView.swift; sourceTree = "<group>"; };
		86FC995C277892C00059C118 /* XMarkButton.swift */ = {isa = PBXFileReference; lastKnownFileType = sourcecode.swift; path = XMarkButton.swift; sourceTree = "<group>"; };
		86FC995E277895F40059C118 /* CoinLogoView.swift */ = {isa = PBXFileReference; lastKnownFileType = sourcecode.swift; path = CoinLogoView.swift; sourceTree = "<group>"; };
/* End PBXFileReference section */

/* Begin PBXFrameworksBuildPhase section */
		866DDBF2276E1B2C0011EAC1 /* Frameworks */ = {
			isa = PBXFrameworksBuildPhase;
			buildActionMask = 2147483647;
			files = (
			);
			runOnlyForDeploymentPostprocessing = 0;
		};
/* End PBXFrameworksBuildPhase section */

/* Begin PBXGroup section */
		860F78E6276F13D000F9A3FC /* Models */ = {
			isa = PBXGroup;
			children = (
				860F78E7276F13F100F9A3FC /* Coin.swift */,
				8692A85B277730BD00B2AA2A /* Statistic.swift */,
				8692A86127773C5300B2AA2A /* MarketData.swift */,
				863BF8D42779EBFB0051020C /* PortfolioContainer.xcdatamodeld */,
			);
			path = Models;
			sourceTree = "<group>";
		};
		866DDBEC276E1B2C0011EAC1 = {
			isa = PBXGroup;
			children = (
				866DDBF7276E1B2C0011EAC1 /* CryptoTracker */,
				866DDBF6276E1B2C0011EAC1 /* Products */,
			);
			sourceTree = "<group>";
		};
		866DDBF6276E1B2C0011EAC1 /* Products */ = {
			isa = PBXGroup;
			children = (
				866DDBF5276E1B2C0011EAC1 /* CryptoTracker.app */,
			);
			name = Products;
			sourceTree = "<group>";
		};
		866DDBF7276E1B2C0011EAC1 /* CryptoTracker */ = {
			isa = PBXGroup;
			children = (
				867F44D22770BDA1006DF817 /* Utilities */,
				86DF8AD9276F48F900C0E95B /* Services */,
				866DDC0B276E1F1F0011EAC1 /* Scenes */,
				866DDC08276E1BE60011EAC1 /* Extensions */,
				866DDBF8276E1B2C0011EAC1 /* CryptoTrackerApp.swift */,
				866DDBFA276E1B2C0011EAC1 /* ContentView.swift */,
				866DDC06276E1B860011EAC1 /* Assets.xcassets */,
				866DDBFE276E1B2D0011EAC1 /* Preview Content */,
			);
			path = CryptoTracker;
			sourceTree = "<group>";
		};
		866DDBFE276E1B2D0011EAC1 /* Preview Content */ = {
			isa = PBXGroup;
			children = (
				866DDBFF276E1B2D0011EAC1 /* Preview Assets.xcassets */,
			);
			path = "Preview Content";
			sourceTree = "<group>";
		};
		866DDC08276E1BE60011EAC1 /* Extensions */ = {
			isa = PBXGroup;
			children = (
				866DDC09276E1BF30011EAC1 /* Color+Extension.swift */,
				860F78EB276F33E000F9A3FC /* PreviewProvider+Extension.swift */,
				860F78ED276F370500F9A3FC /* Double+Extension.swift */,
				8601DB332773638200AB5B0A /* UIApplication+Extension.swift */,
			);
			path = Extensions;
			sourceTree = "<group>";
		};
		866DDC0B276E1F1F0011EAC1 /* Scenes */ = {
			isa = PBXGroup;
			children = (
				860F78E6276F13D000F9A3FC /* Models */,
				866DDC0C276E1F310011EAC1 /* Home */,
				866DDC13276E203E0011EAC1 /* Components */,
			);
			path = Scenes;
			sourceTree = "<group>";
		};
		866DDC0C276E1F310011EAC1 /* Home */ = {
			isa = PBXGroup;
			children = (
				866DDC0E276E1F4C0011EAC1 /* ViewModels */,
				866DDC0D276E1F470011EAC1 /* Views */,
			);
			path = Home;
			sourceTree = "<group>";
		};
		866DDC0D276E1F470011EAC1 /* Views */ = {
			isa = PBXGroup;
			children = (
				866DDC11276E1F6B0011EAC1 /* HomeView.swift */,
				860F78E9276F339F00F9A3FC /* CoinRowView.swift */,
				8692A85F2777345300B2AA2A /* HomeStatsView.swift */,
				86FC995A2778904B0059C118 /* PortfolioView.swift */,
			);
			path = Views;
			sourceTree = "<group>";
		};
		866DDC0E276E1F4C0011EAC1 /* ViewModels */ = {
			isa = PBXGroup;
			children = (
				860F78EF276F3F7B00F9A3FC /* HomeViewModel.swift */,
			);
			path = ViewModels;
			sourceTree = "<group>";
		};
		866DDC13276E203E0011EAC1 /* Components */ = {
			isa = PBXGroup;
			children = (
				86E9108A2771FBF00062F15D /* CoinImage */,
				866DDC14276E20570011EAC1 /* CircleButton */,
				8601DB3127735F6D00AB5B0A /* SearchBarView.swift */,
				8692A85D277731F300B2AA2A /* StatisticsView.swift */,
				86FC995C277892C00059C118 /* XMarkButton.swift */,
			);
			path = Components;
			sourceTree = "<group>";
		};
		866DDC14276E20570011EAC1 /* CircleButton */ = {
			isa = PBXGroup;
			children = (
				866DDC17276E20820011EAC1 /* CircleButtonView.swift */,
				866DDC19276E24140011EAC1 /* CircleButtonAnimationView.swift */,
			);
			path = CircleButton;
			sourceTree = "<group>";
		};
		867F44D22770BDA1006DF817 /* Utilities */ = {
			isa = PBXGroup;
			children = (
				867F44D32770BDC8006DF817 /* NetworkingManager.swift */,
				863432B027721BE300253931 /* LocalFileManager.swift */,
				865C720E277B396B006877B3 /* HapticManager.swift */,
			);
			path = Utilities;
			sourceTree = "<group>";
		};
		86DF8AD9276F48F900C0E95B /* Services */ = {
			isa = PBXGroup;
			children = (
				86DF8ADA276F4A1900C0E95B /* CoinDataService.swift */,
				86E9108F2771FDB50062F15D /* CoinImageService.swift */,
				8692A86327773F7D00B2AA2A /* MaketDataService.swift */,
				863BF8D72779ECE00051020C /* PortfolioDataService.swift */,
			);
			path = Services;
			sourceTree = "<group>";
		};
		86E9108A2771FBF00062F15D /* CoinImage */ = {
			isa = PBXGroup;
			children = (
				86E9108B2771FC010062F15D /* CoinImageView.swift */,
				86E9108D2771FC320062F15D /* CoinImageViewModel.swift */,
				86FC995E277895F40059C118 /* CoinLogoView.swift */,
			);
			path = CoinImage;
			sourceTree = "<group>";
		};
/* End PBXGroup section */

/* Begin PBXNativeTarget section */
		866DDBF4276E1B2C0011EAC1 /* CryptoTracker */ = {
			isa = PBXNativeTarget;
			buildConfigurationList = 866DDC03276E1B2D0011EAC1 /* Build configuration list for PBXNativeTarget "CryptoTracker" */;
			buildPhases = (
				866DDBF1276E1B2C0011EAC1 /* Sources */,
				866DDBF2276E1B2C0011EAC1 /* Frameworks */,
				866DDBF3276E1B2C0011EAC1 /* Resources */,
			);
			buildRules = (
			);
			dependencies = (
			);
			name = CryptoTracker;
			productName = CryptoTracker;
			productReference = 866DDBF5276E1B2C0011EAC1 /* CryptoTracker.app */;
			productType = "com.apple.product-type.application";
		};
/* End PBXNativeTarget section */

/* Begin PBXProject section */
		866DDBED276E1B2C0011EAC1 /* Project object */ = {
			isa = PBXProject;
			attributes = {
				BuildIndependentTargetsInParallel = 1;
				LastSwiftUpdateCheck = 1310;
				LastUpgradeCheck = 1310;
				TargetAttributes = {
					866DDBF4276E1B2C0011EAC1 = {
						CreatedOnToolsVersion = 13.1;
					};
				};
			};
			buildConfigurationList = 866DDBF0276E1B2C0011EAC1 /* Build configuration list for PBXProject "CryptoTracker" */;
			compatibilityVersion = "Xcode 13.0";
			developmentRegion = en;
			hasScannedForEncodings = 0;
			knownRegions = (
				en,
				Base,
			);
			mainGroup = 866DDBEC276E1B2C0011EAC1;
			productRefGroup = 866DDBF6276E1B2C0011EAC1 /* Products */;
			projectDirPath = "";
			projectRoot = "";
			targets = (
				866DDBF4276E1B2C0011EAC1 /* CryptoTracker */,
			);
		};
/* End PBXProject section */

/* Begin PBXResourcesBuildPhase section */
		866DDBF3276E1B2C0011EAC1 /* Resources */ = {
			isa = PBXResourcesBuildPhase;
			buildActionMask = 2147483647;
			files = (
				866DDC00276E1B2D0011EAC1 /* Preview Assets.xcassets in Resources */,
				866DDC07276E1B860011EAC1 /* Assets.xcassets in Resources */,
			);
			runOnlyForDeploymentPostprocessing = 0;
		};
/* End PBXResourcesBuildPhase section */

/* Begin PBXSourcesBuildPhase section */
		866DDBF1276E1B2C0011EAC1 /* Sources */ = {
			isa = PBXSourcesBuildPhase;
			buildActionMask = 2147483647;
			files = (
				863BF8D62779EBFB0051020C /* PortfolioContainer.xcdatamodeld in Sources */,
				86E9108E2771FC320062F15D /* CoinImageViewModel.swift in Sources */,
				86DF8ADB276F4A1900C0E95B /* CoinDataService.swift in Sources */,
				860F78EA276F339F00F9A3FC /* CoinRowView.swift in Sources */,
				86FC995D277892C00059C118 /* XMarkButton.swift in Sources */,
				860F78F0276F3F7B00F9A3FC /* HomeViewModel.swift in Sources */,
				863432B127721BE300253931 /* LocalFileManager.swift in Sources */,
				866DDBFB276E1B2C0011EAC1 /* ContentView.swift in Sources */,
				8692A86427773F7D00B2AA2A /* MaketDataService.swift in Sources */,
				8692A86227773C5300B2AA2A /* MarketData.swift in Sources */,
				866DDC12276E1F6B0011EAC1 /* HomeView.swift in Sources */,
				86E9108C2771FC010062F15D /* CoinImageView.swift in Sources */,
				866DDC0A276E1BF30011EAC1 /* Color+Extension.swift in Sources */,
				860F78EC276F33E000F9A3FC /* PreviewProvider+Extension.swift in Sources */,
				8692A85E277731F300B2AA2A /* StatisticsView.swift in Sources */,
				8601DB3227735F6D00AB5B0A /* SearchBarView.swift in Sources */,
				865C720F277B396B006877B3 /* HapticManager.swift in Sources */,
				866DDC18276E20820011EAC1 /* CircleButtonView.swift in Sources */,
				867F44D42770BDC8006DF817 /* NetworkingManager.swift in Sources */,
				86FC995F277895F40059C118 /* CoinLogoView.swift in Sources */,
				8601DB342773638200AB5B0A /* UIApplication+Extension.swift in Sources */,
				8692A8602777345300B2AA2A /* HomeStatsView.swift in Sources */,
				866DDBF9276E1B2C0011EAC1 /* CryptoTrackerApp.swift in Sources */,
				866DDC1A276E24140011EAC1 /* CircleButtonAnimationView.swift in Sources */,
				86FC995B2778904B0059C118 /* PortfolioView.swift in Sources */,
				860F78EE276F370500F9A3FC /* Double+Extension.swift in Sources */,
				86E910902771FDB50062F15D /* CoinImageService.swift in Sources */,
				8692A85C277730BD00B2AA2A /* Statistic.swift in Sources */,
				860F78E8276F13F100F9A3FC /* Coin.swift in Sources */,
				863BF8D82779ECE00051020C /* PortfolioDataService.swift in Sources */,
			);
			runOnlyForDeploymentPostprocessing = 0;
		};
/* End PBXSourcesBuildPhase section */

/* Begin XCBuildConfiguration section */
		866DDC01276E1B2D0011EAC1 /* Debug */ = {
			isa = XCBuildConfiguration;
			buildSettings = {
				ALWAYS_SEARCH_USER_PATHS = NO;
				CLANG_ANALYZER_NONNULL = YES;
				CLANG_ANALYZER_NUMBER_OBJECT_CONVERSION = YES_AGGRESSIVE;
				CLANG_CXX_LANGUAGE_STANDARD = "gnu++17";
				CLANG_CXX_LIBRARY = "libc++";
				CLANG_ENABLE_MODULES = YES;
				CLANG_ENABLE_OBJC_ARC = YES;
				CLANG_ENABLE_OBJC_WEAK = YES;
				CLANG_WARN_BLOCK_CAPTURE_AUTORELEASING = YES;
				CLANG_WARN_BOOL_CONVERSION = YES;
				CLANG_WARN_COMMA = YES;
				CLANG_WARN_CONSTANT_CONVERSION = YES;
				CLANG_WARN_DEPRECATED_OBJC_IMPLEMENTATIONS = YES;
				CLANG_WARN_DIRECT_OBJC_ISA_USAGE = YES_ERROR;
				CLANG_WARN_DOCUMENTATION_COMMENTS = YES;
				CLANG_WARN_EMPTY_BODY = YES;
				CLANG_WARN_ENUM_CONVERSION = YES;
				CLANG_WARN_INFINITE_RECURSION = YES;
				CLANG_WARN_INT_CONVERSION = YES;
				CLANG_WARN_NON_LITERAL_NULL_CONVERSION = YES;
				CLANG_WARN_OBJC_IMPLICIT_RETAIN_SELF = YES;
				CLANG_WARN_OBJC_LITERAL_CONVERSION = YES;
				CLANG_WARN_OBJC_ROOT_CLASS = YES_ERROR;
				CLANG_WARN_QUOTED_INCLUDE_IN_FRAMEWORK_HEADER = YES;
				CLANG_WARN_RANGE_LOOP_ANALYSIS = YES;
				CLANG_WARN_STRICT_PROTOTYPES = YES;
				CLANG_WARN_SUSPICIOUS_MOVE = YES;
				CLANG_WARN_UNGUARDED_AVAILABILITY = YES_AGGRESSIVE;
				CLANG_WARN_UNREACHABLE_CODE = YES;
				CLANG_WARN__DUPLICATE_METHOD_MATCH = YES;
				COPY_PHASE_STRIP = NO;
				DEBUG_INFORMATION_FORMAT = dwarf;
				ENABLE_STRICT_OBJC_MSGSEND = YES;
				ENABLE_TESTABILITY = YES;
				GCC_C_LANGUAGE_STANDARD = gnu11;
				GCC_DYNAMIC_NO_PIC = NO;
				GCC_NO_COMMON_BLOCKS = YES;
				GCC_OPTIMIZATION_LEVEL = 0;
				GCC_PREPROCESSOR_DEFINITIONS = (
					"DEBUG=1",
					"$(inherited)",
				);
				GCC_WARN_64_TO_32_BIT_CONVERSION = YES;
				GCC_WARN_ABOUT_RETURN_TYPE = YES_ERROR;
				GCC_WARN_UNDECLARED_SELECTOR = YES;
				GCC_WARN_UNINITIALIZED_AUTOS = YES_AGGRESSIVE;
				GCC_WARN_UNUSED_FUNCTION = YES;
				GCC_WARN_UNUSED_VARIABLE = YES;
				IPHONEOS_DEPLOYMENT_TARGET = 15.0;
				MTL_ENABLE_DEBUG_INFO = INCLUDE_SOURCE;
				MTL_FAST_MATH = YES;
				ONLY_ACTIVE_ARCH = YES;
				SDKROOT = iphoneos;
				SWIFT_ACTIVE_COMPILATION_CONDITIONS = DEBUG;
				SWIFT_OPTIMIZATION_LEVEL = "-Onone";
			};
			name = Debug;
		};
		866DDC02276E1B2D0011EAC1 /* Release */ = {
			isa = XCBuildConfiguration;
			buildSettings = {
				ALWAYS_SEARCH_USER_PATHS = NO;
				CLANG_ANALYZER_NONNULL = YES;
				CLANG_ANALYZER_NUMBER_OBJECT_CONVERSION = YES_AGGRESSIVE;
				CLANG_CXX_LANGUAGE_STANDARD = "gnu++17";
				CLANG_CXX_LIBRARY = "libc++";
				CLANG_ENABLE_MODULES = YES;
				CLANG_ENABLE_OBJC_ARC = YES;
				CLANG_ENABLE_OBJC_WEAK = YES;
				CLANG_WARN_BLOCK_CAPTURE_AUTORELEASING = YES;
				CLANG_WARN_BOOL_CONVERSION = YES;
				CLANG_WARN_COMMA = YES;
				CLANG_WARN_CONSTANT_CONVERSION = YES;
				CLANG_WARN_DEPRECATED_OBJC_IMPLEMENTATIONS = YES;
				CLANG_WARN_DIRECT_OBJC_ISA_USAGE = YES_ERROR;
				CLANG_WARN_DOCUMENTATION_COMMENTS = YES;
				CLANG_WARN_EMPTY_BODY = YES;
				CLANG_WARN_ENUM_CONVERSION = YES;
				CLANG_WARN_INFINITE_RECURSION = YES;
				CLANG_WARN_INT_CONVERSION = YES;
				CLANG_WARN_NON_LITERAL_NULL_CONVERSION = YES;
				CLANG_WARN_OBJC_IMPLICIT_RETAIN_SELF = YES;
				CLANG_WARN_OBJC_LITERAL_CONVERSION = YES;
				CLANG_WARN_OBJC_ROOT_CLASS = YES_ERROR;
				CLANG_WARN_QUOTED_INCLUDE_IN_FRAMEWORK_HEADER = YES;
				CLANG_WARN_RANGE_LOOP_ANALYSIS = YES;
				CLANG_WARN_STRICT_PROTOTYPES = YES;
				CLANG_WARN_SUSPICIOUS_MOVE = YES;
				CLANG_WARN_UNGUARDED_AVAILABILITY = YES_AGGRESSIVE;
				CLANG_WARN_UNREACHABLE_CODE = YES;
				CLANG_WARN__DUPLICATE_METHOD_MATCH = YES;
				COPY_PHASE_STRIP = NO;
				DEBUG_INFORMATION_FORMAT = "dwarf-with-dsym";
				ENABLE_NS_ASSERTIONS = NO;
				ENABLE_STRICT_OBJC_MSGSEND = YES;
				GCC_C_LANGUAGE_STANDARD = gnu11;
				GCC_NO_COMMON_BLOCKS = YES;
				GCC_WARN_64_TO_32_BIT_CONVERSION = YES;
				GCC_WARN_ABOUT_RETURN_TYPE = YES_ERROR;
				GCC_WARN_UNDECLARED_SELECTOR = YES;
				GCC_WARN_UNINITIALIZED_AUTOS = YES_AGGRESSIVE;
				GCC_WARN_UNUSED_FUNCTION = YES;
				GCC_WARN_UNUSED_VARIABLE = YES;
				IPHONEOS_DEPLOYMENT_TARGET = 15.0;
				MTL_ENABLE_DEBUG_INFO = NO;
				MTL_FAST_MATH = YES;
				SDKROOT = iphoneos;
				SWIFT_COMPILATION_MODE = wholemodule;
				SWIFT_OPTIMIZATION_LEVEL = "-O";
				VALIDATE_PRODUCT = YES;
			};
			name = Release;
		};
		866DDC04276E1B2D0011EAC1 /* Debug */ = {
			isa = XCBuildConfiguration;
			buildSettings = {
				ASSETCATALOG_COMPILER_APPICON_NAME = AppIcon;
				ASSETCATALOG_COMPILER_GLOBAL_ACCENT_COLOR_NAME = AccentColor;
				CODE_SIGN_STYLE = Automatic;
				CURRENT_PROJECT_VERSION = 1;
				DEVELOPMENT_ASSET_PATHS = "\"CryptoTracker/Preview Content\"";
				ENABLE_PREVIEWS = YES;
				GENERATE_INFOPLIST_FILE = YES;
				INFOPLIST_KEY_UIApplicationSceneManifest_Generation = YES;
				INFOPLIST_KEY_UIApplicationSupportsIndirectInputEvents = YES;
				INFOPLIST_KEY_UILaunchScreen_Generation = YES;
				INFOPLIST_KEY_UISupportedInterfaceOrientations = UIInterfaceOrientationPortrait;
				INFOPLIST_KEY_UISupportedInterfaceOrientations_iPad = "UIInterfaceOrientationPortrait UIInterfaceOrientationPortraitUpsideDown UIInterfaceOrientationLandscapeLeft UIInterfaceOrientationLandscapeRight";
				INFOPLIST_KEY_UISupportedInterfaceOrientations_iPhone = "UIInterfaceOrientationPortrait UIInterfaceOrientationLandscapeLeft UIInterfaceOrientationLandscapeRight";
				LD_RUNPATH_SEARCH_PATHS = (
					"$(inherited)",
					"@executable_path/Frameworks",
				);
				MARKETING_VERSION = 1.0;
				PRODUCT_BUNDLE_IDENTIFIER = demo.CryptoTracker;
				PRODUCT_NAME = "$(TARGET_NAME)";
				SWIFT_EMIT_LOC_STRINGS = YES;
				SWIFT_VERSION = 5.0;
				TARGETED_DEVICE_FAMILY = "1,2";
			};
			name = Debug;
		};
		866DDC05276E1B2D0011EAC1 /* Release */ = {
			isa = XCBuildConfiguration;
			buildSettings = {
				ASSETCATALOG_COMPILER_APPICON_NAME = AppIcon;
				ASSETCATALOG_COMPILER_GLOBAL_ACCENT_COLOR_NAME = AccentColor;
				CODE_SIGN_STYLE = Automatic;
				CURRENT_PROJECT_VERSION = 1;
				DEVELOPMENT_ASSET_PATHS = "\"CryptoTracker/Preview Content\"";
				ENABLE_PREVIEWS = YES;
				GENERATE_INFOPLIST_FILE = YES;
				INFOPLIST_KEY_UIApplicationSceneManifest_Generation = YES;
				INFOPLIST_KEY_UIApplicationSupportsIndirectInputEvents = YES;
				INFOPLIST_KEY_UILaunchScreen_Generation = YES;
				INFOPLIST_KEY_UISupportedInterfaceOrientations = UIInterfaceOrientationPortrait;
				INFOPLIST_KEY_UISupportedInterfaceOrientations_iPad = "UIInterfaceOrientationPortrait UIInterfaceOrientationPortraitUpsideDown UIInterfaceOrientationLandscapeLeft UIInterfaceOrientationLandscapeRight";
				INFOPLIST_KEY_UISupportedInterfaceOrientations_iPhone = "UIInterfaceOrientationPortrait UIInterfaceOrientationLandscapeLeft UIInterfaceOrientationLandscapeRight";
				LD_RUNPATH_SEARCH_PATHS = (
					"$(inherited)",
					"@executable_path/Frameworks",
				);
				MARKETING_VERSION = 1.0;
				PRODUCT_BUNDLE_IDENTIFIER = demo.CryptoTracker;
				PRODUCT_NAME = "$(TARGET_NAME)";
				SWIFT_EMIT_LOC_STRINGS = YES;
				SWIFT_VERSION = 5.0;
				TARGETED_DEVICE_FAMILY = "1,2";
			};
			name = Release;
		};
/* End XCBuildConfiguration section */

/* Begin XCConfigurationList section */
		866DDBF0276E1B2C0011EAC1 /* Build configuration list for PBXProject "CryptoTracker" */ = {
			isa = XCConfigurationList;
			buildConfigurations = (
				866DDC01276E1B2D0011EAC1 /* Debug */,
				866DDC02276E1B2D0011EAC1 /* Release */,
			);
			defaultConfigurationIsVisible = 0;
			defaultConfigurationName = Release;
		};
		866DDC03276E1B2D0011EAC1 /* Build configuration list for PBXNativeTarget "CryptoTracker" */ = {
			isa = XCConfigurationList;
			buildConfigurations = (
				866DDC04276E1B2D0011EAC1 /* Debug */,
				866DDC05276E1B2D0011EAC1 /* Release */,
			);
			defaultConfigurationIsVisible = 0;
			defaultConfigurationName = Release;
		};
/* End XCConfigurationList section */

/* Begin XCVersionGroup section */
		863BF8D42779EBFB0051020C /* PortfolioContainer.xcdatamodeld */ = {
			isa = XCVersionGroup;
			children = (
				863BF8D52779EBFB0051020C /* PortfolioContainer.xcdatamodel */,
			);
			currentVersion = 863BF8D52779EBFB0051020C /* PortfolioContainer.xcdatamodel */;
			path = PortfolioContainer.xcdatamodeld;
			sourceTree = "<group>";
			versionGroupType = wrapper.xcdatamodel;
		};
/* End XCVersionGroup section */
	};
	rootObject = 866DDBED276E1B2C0011EAC1 /* Project object */;
}
