// !$*UTF8*$!
{
	archiveVersion = 1;
	classes = {
	};
	objectVersion = 55;
	objects = {

/* Begin PBXBuildFile section */
		8652534F27AE60B300B1DCD5 /* GithubRepositoryApp.swift in Sources */ = {isa = PBXBuildFile; fileRef = 8652534E27AE60B300B1DCD5 /* GithubRepositoryApp.swift */; };
		8652535127AE60B300B1DCD5 /* ContentView.swift in Sources */ = {isa = PBXBuildFile; fileRef = 8652535027AE60B300B1DCD5 /* ContentView.swift */; };
		8652535327AE60B400B1DCD5 /* Assets.xcassets in Resources */ = {isa = PBXBuildFile; fileRef = 8652535227AE60B400B1DCD5 /* Assets.xcassets */; };
		8652535627AE60B400B1DCD5 /* Preview Assets.xcassets in Resources */ = {isa = PBXBuildFile; fileRef = 8652535527AE60B400B1DCD5 /* Preview Assets.xcassets */; };
		8652535F27AE60F800B1DCD5 /* AnySubscription.swift in Sources */ = {isa = PBXBuildFile; fileRef = 8652535E27AE60F800B1DCD5 /* AnySubscription.swift */; };
		8652536127AE615A00B1DCD5 /* Repository.swift in Sources */ = {isa = PBXBuildFile; fileRef = 8652536027AE615A00B1DCD5 /* Repository.swift */; };
		8652536327AE619100B1DCD5 /* User.swift in Sources */ = {isa = PBXBuildFile; fileRef = 8652536227AE619100B1DCD5 /* User.swift */; };
		8652536727AE620700B1DCD5 /* APIService.swift in Sources */ = {isa = PBXBuildFile; fileRef = 8652536627AE620700B1DCD5 /* APIService.swift */; };
		8652536927AFF8CC00B1DCD5 /* APIServiceError.swift in Sources */ = {isa = PBXBuildFile; fileRef = 8652536827AFF8CC00B1DCD5 /* APIServiceError.swift */; };
		868C56E127B018DE0017A807 /* APIRequestType.swift in Sources */ = {isa = PBXBuildFile; fileRef = 868C56E027B018DE0017A807 /* APIRequestType.swift */; };
		868C56E327B018EA0017A807 /* APIServiceType.swift in Sources */ = {isa = PBXBuildFile; fileRef = 868C56E227B018EA0017A807 /* APIServiceType.swift */; };
/* End PBXBuildFile section */

/* Begin PBXFileReference section */
		8652534B27AE60B300B1DCD5 /* GithubRepository.app */ = {isa = PBXFileReference; explicitFileType = wrapper.application; includeInIndex = 0; path = GithubRepository.app; sourceTree = BUILT_PRODUCTS_DIR; };
		8652534E27AE60B300B1DCD5 /* GithubRepositoryApp.swift */ = {isa = PBXFileReference; lastKnownFileType = sourcecode.swift; path = GithubRepositoryApp.swift; sourceTree = "<group>"; };
		8652535027AE60B300B1DCD5 /* ContentView.swift */ = {isa = PBXFileReference; lastKnownFileType = sourcecode.swift; path = ContentView.swift; sourceTree = "<group>"; };
		8652535227AE60B400B1DCD5 /* Assets.xcassets */ = {isa = PBXFileReference; lastKnownFileType = folder.assetcatalog; path = Assets.xcassets; sourceTree = "<group>"; };
		8652535527AE60B400B1DCD5 /* Preview Assets.xcassets */ = {isa = PBXFileReference; lastKnownFileType = folder.assetcatalog; path = "Preview Assets.xcassets"; sourceTree = "<group>"; };
		8652535E27AE60F800B1DCD5 /* AnySubscription.swift */ = {isa = PBXFileReference; lastKnownFileType = sourcecode.swift; path = AnySubscription.swift; sourceTree = "<group>"; };
		8652536027AE615A00B1DCD5 /* Repository.swift */ = {isa = PBXFileReference; lastKnownFileType = sourcecode.swift; path = Repository.swift; sourceTree = "<group>"; };
		8652536227AE619100B1DCD5 /* User.swift */ = {isa = PBXFileReference; lastKnownFileType = sourcecode.swift; path = User.swift; sourceTree = "<group>"; };
		8652536627AE620700B1DCD5 /* APIService.swift */ = {isa = PBXFileReference; lastKnownFileType = sourcecode.swift; path = APIService.swift; sourceTree = "<group>"; };
		8652536827AFF8CC00B1DCD5 /* APIServiceError.swift */ = {isa = PBXFileReference; lastKnownFileType = sourcecode.swift; path = APIServiceError.swift; sourceTree = "<group>"; };
		868C56E027B018DE0017A807 /* APIRequestType.swift */ = {isa = PBXFileReference; lastKnownFileType = sourcecode.swift; path = APIRequestType.swift; sourceTree = "<group>"; };
		868C56E227B018EA0017A807 /* APIServiceType.swift */ = {isa = PBXFileReference; lastKnownFileType = sourcecode.swift; path = APIServiceType.swift; sourceTree = "<group>"; };
/* End PBXFileReference section */

/* Begin PBXFrameworksBuildPhase section */
		8652534827AE60B300B1DCD5 /* Frameworks */ = {
			isa = PBXFrameworksBuildPhase;
			buildActionMask = 2147483647;
			files = (
			);
			runOnlyForDeploymentPostprocessing = 0;
		};
/* End PBXFrameworksBuildPhase section */

/* Begin PBXGroup section */
		8652534227AE60B300B1DCD5 = {
			isa = PBXGroup;
			children = (
				8652534D27AE60B300B1DCD5 /* GithubRepository */,
				8652534C27AE60B300B1DCD5 /* Products */,
			);
			sourceTree = "<group>";
		};
		8652534C27AE60B300B1DCD5 /* Products */ = {
			isa = PBXGroup;
			children = (
				8652534B27AE60B300B1DCD5 /* GithubRepository.app */,
			);
			name = Products;
			sourceTree = "<group>";
		};
		8652534D27AE60B300B1DCD5 /* GithubRepository */ = {
			isa = PBXGroup;
			children = (
				8652535C27AE60C300B1DCD5 /* App */,
				8652536527AE61FD00B1DCD5 /* Services */,
				8652535D27AE60D600B1DCD5 /* Models */,
				8652535027AE60B300B1DCD5 /* ContentView.swift */,
				8652535227AE60B400B1DCD5 /* Assets.xcassets */,
				8652535427AE60B400B1DCD5 /* Preview Content */,
			);
			path = GithubRepository;
			sourceTree = "<group>";
		};
		8652535427AE60B400B1DCD5 /* Preview Content */ = {
			isa = PBXGroup;
			children = (
				8652535527AE60B400B1DCD5 /* Preview Assets.xcassets */,
			);
			path = "Preview Content";
			sourceTree = "<group>";
		};
		8652535C27AE60C300B1DCD5 /* App */ = {
			isa = PBXGroup;
			children = (
				8652534E27AE60B300B1DCD5 /* GithubRepositoryApp.swift */,
			);
			path = App;
			sourceTree = "<group>";
		};
		8652535D27AE60D600B1DCD5 /* Models */ = {
			isa = PBXGroup;
			children = (
				8652535E27AE60F800B1DCD5 /* AnySubscription.swift */,
				8652536027AE615A00B1DCD5 /* Repository.swift */,
				8652536227AE619100B1DCD5 /* User.swift */,
			);
			path = Models;
			sourceTree = "<group>";
		};
		8652536527AE61FD00B1DCD5 /* Services */ = {
			isa = PBXGroup;
			children = (
				868C56DF27B018D40017A807 /* Protocols */,
				8652536627AE620700B1DCD5 /* APIService.swift */,
				8652536827AFF8CC00B1DCD5 /* APIServiceError.swift */,
			);
			path = Services;
			sourceTree = "<group>";
		};
		868C56DF27B018D40017A807 /* Protocols */ = {
			isa = PBXGroup;
			children = (
				868C56E027B018DE0017A807 /* APIRequestType.swift */,
				868C56E227B018EA0017A807 /* APIServiceType.swift */,
			);
			path = Protocols;
			sourceTree = "<group>";
		};
/* End PBXGroup section */

/* Begin PBXNativeTarget section */
		8652534A27AE60B300B1DCD5 /* GithubRepository */ = {
			isa = PBXNativeTarget;
			buildConfigurationList = 8652535927AE60B400B1DCD5 /* Build configuration list for PBXNativeTarget "GithubRepository" */;
			buildPhases = (
				8652534727AE60B300B1DCD5 /* Sources */,
				8652534827AE60B300B1DCD5 /* Frameworks */,
				8652534927AE60B300B1DCD5 /* Resources */,
			);
			buildRules = (
			);
			dependencies = (
			);
			name = GithubRepository;
			productName = GithubRepository;
			productReference = 8652534B27AE60B300B1DCD5 /* GithubRepository.app */;
			productType = "com.apple.product-type.application";
		};
/* End PBXNativeTarget section */

/* Begin PBXProject section */
		8652534327AE60B300B1DCD5 /* Project object */ = {
			isa = PBXProject;
			attributes = {
				BuildIndependentTargetsInParallel = 1;
				LastSwiftUpdateCheck = 1320;
				LastUpgradeCheck = 1320;
				TargetAttributes = {
					8652534A27AE60B300B1DCD5 = {
						CreatedOnToolsVersion = 13.2.1;
					};
				};
			};
			buildConfigurationList = 8652534627AE60B300B1DCD5 /* Build configuration list for PBXProject "GithubRepository" */;
			compatibilityVersion = "Xcode 13.0";
			developmentRegion = en;
			hasScannedForEncodings = 0;
			knownRegions = (
				en,
				Base,
			);
			mainGroup = 8652534227AE60B300B1DCD5;
			productRefGroup = 8652534C27AE60B300B1DCD5 /* Products */;
			projectDirPath = "";
			projectRoot = "";
			targets = (
				8652534A27AE60B300B1DCD5 /* GithubRepository */,
			);
		};
/* End PBXProject section */

/* Begin PBXResourcesBuildPhase section */
		8652534927AE60B300B1DCD5 /* Resources */ = {
			isa = PBXResourcesBuildPhase;
			buildActionMask = 2147483647;
			files = (
				8652535627AE60B400B1DCD5 /* Preview Assets.xcassets in Resources */,
				8652535327AE60B400B1DCD5 /* Assets.xcassets in Resources */,
			);
			runOnlyForDeploymentPostprocessing = 0;
		};
/* End PBXResourcesBuildPhase section */

/* Begin PBXSourcesBuildPhase section */
		8652534727AE60B300B1DCD5 /* Sources */ = {
			isa = PBXSourcesBuildPhase;
			buildActionMask = 2147483647;
			files = (
				8652535127AE60B300B1DCD5 /* ContentView.swift in Sources */,
				8652535F27AE60F800B1DCD5 /* AnySubscription.swift in Sources */,
				8652536927AFF8CC00B1DCD5 /* APIServiceError.swift in Sources */,
				8652534F27AE60B300B1DCD5 /* GithubRepositoryApp.swift in Sources */,
				868C56E127B018DE0017A807 /* APIRequestType.swift in Sources */,
				868C56E327B018EA0017A807 /* APIServiceType.swift in Sources */,
				8652536327AE619100B1DCD5 /* User.swift in Sources */,
				8652536727AE620700B1DCD5 /* APIService.swift in Sources */,
				8652536127AE615A00B1DCD5 /* Repository.swift in Sources */,
			);
			runOnlyForDeploymentPostprocessing = 0;
		};
/* End PBXSourcesBuildPhase section */

/* Begin XCBuildConfiguration section */
		8652535727AE60B400B1DCD5 /* Debug */ = {
			isa = XCBuildConfiguration;
			buildSettings = {
				ALWAYS_SEARCH_USER_PATHS = NO;
				CLANG_ANALYZER_NONNULL = YES;
				CLANG_ANALYZER_NUMBER_OBJECT_CONVERSION = YES_AGGRESSIVE;
				CLANG_CXX_LANGUAGE_STANDARD = "gnu++17";
				CLANG_CXX_LIBRARY = "libc++";
				CLANG_ENABLE_MODULES = YES;
				CLANG_ENABLE_OBJC_ARC = YES;
				CLANG_ENABLE_OBJC_WEAK = YES;
				CLANG_WARN_BLOCK_CAPTURE_AUTORELEASING = YES;
				CLANG_WARN_BOOL_CONVERSION = YES;
				CLANG_WARN_COMMA = YES;
				CLANG_WARN_CONSTANT_CONVERSION = YES;
				CLANG_WARN_DEPRECATED_OBJC_IMPLEMENTATIONS = YES;
				CLANG_WARN_DIRECT_OBJC_ISA_USAGE = YES_ERROR;
				CLANG_WARN_DOCUMENTATION_COMMENTS = YES;
				CLANG_WARN_EMPTY_BODY = YES;
				CLANG_WARN_ENUM_CONVERSION = YES;
				CLANG_WARN_INFINITE_RECURSION = YES;
				CLANG_WARN_INT_CONVERSION = YES;
				CLANG_WARN_NON_LITERAL_NULL_CONVERSION = YES;
				CLANG_WARN_OBJC_IMPLICIT_RETAIN_SELF = YES;
				CLANG_WARN_OBJC_LITERAL_CONVERSION = YES;
				CLANG_WARN_OBJC_ROOT_CLASS = YES_ERROR;
				CLANG_WARN_QUOTED_INCLUDE_IN_FRAMEWORK_HEADER = YES;
				CLANG_WARN_RANGE_LOOP_ANALYSIS = YES;
				CLANG_WARN_STRICT_PROTOTYPES = YES;
				CLANG_WARN_SUSPICIOUS_MOVE = YES;
				CLANG_WARN_UNGUARDED_AVAILABILITY = YES_AGGRESSIVE;
				CLANG_WARN_UNREACHABLE_CODE = YES;
				CLANG_WARN__DUPLICATE_METHOD_MATCH = YES;
				COPY_PHASE_STRIP = NO;
				DEBUG_INFORMATION_FORMAT = dwarf;
				ENABLE_STRICT_OBJC_MSGSEND = YES;
				ENABLE_TESTABILITY = YES;
				GCC_C_LANGUAGE_STANDARD = gnu11;
				GCC_DYNAMIC_NO_PIC = NO;
				GCC_NO_COMMON_BLOCKS = YES;
				GCC_OPTIMIZATION_LEVEL = 0;
				GCC_PREPROCESSOR_DEFINITIONS = (
					"DEBUG=1",
					"$(inherited)",
				);
				GCC_WARN_64_TO_32_BIT_CONVERSION = YES;
				GCC_WARN_ABOUT_RETURN_TYPE = YES_ERROR;
				GCC_WARN_UNDECLARED_SELECTOR = YES;
				GCC_WARN_UNINITIALIZED_AUTOS = YES_AGGRESSIVE;
				GCC_WARN_UNUSED_FUNCTION = YES;
				GCC_WARN_UNUSED_VARIABLE = YES;
				IPHONEOS_DEPLOYMENT_TARGET = 15.2;
				MTL_ENABLE_DEBUG_INFO = INCLUDE_SOURCE;
				MTL_FAST_MATH = YES;
				ONLY_ACTIVE_ARCH = YES;
				SDKROOT = iphoneos;
				SWIFT_ACTIVE_COMPILATION_CONDITIONS = DEBUG;
				SWIFT_OPTIMIZATION_LEVEL = "-Onone";
			};
			name = Debug;
		};
		8652535827AE60B400B1DCD5 /* Release */ = {
			isa = XCBuildConfiguration;
			buildSettings = {
				ALWAYS_SEARCH_USER_PATHS = NO;
				CLANG_ANALYZER_NONNULL = YES;
				CLANG_ANALYZER_NUMBER_OBJECT_CONVERSION = YES_AGGRESSIVE;
				CLANG_CXX_LANGUAGE_STANDARD = "gnu++17";
				CLANG_CXX_LIBRARY = "libc++";
				CLANG_ENABLE_MODULES = YES;
				CLANG_ENABLE_OBJC_ARC = YES;
				CLANG_ENABLE_OBJC_WEAK = YES;
				CLANG_WARN_BLOCK_CAPTURE_AUTORELEASING = YES;
				CLANG_WARN_BOOL_CONVERSION = YES;
				CLANG_WARN_COMMA = YES;
				CLANG_WARN_CONSTANT_CONVERSION = YES;
				CLANG_WARN_DEPRECATED_OBJC_IMPLEMENTATIONS = YES;
				CLANG_WARN_DIRECT_OBJC_ISA_USAGE = YES_ERROR;
				CLANG_WARN_DOCUMENTATION_COMMENTS = YES;
				CLANG_WARN_EMPTY_BODY = YES;
				CLANG_WARN_ENUM_CONVERSION = YES;
				CLANG_WARN_INFINITE_RECURSION = YES;
				CLANG_WARN_INT_CONVERSION = YES;
				CLANG_WARN_NON_LITERAL_NULL_CONVERSION = YES;
				CLANG_WARN_OBJC_IMPLICIT_RETAIN_SELF = YES;
				CLANG_WARN_OBJC_LITERAL_CONVERSION = YES;
				CLANG_WARN_OBJC_ROOT_CLASS = YES_ERROR;
				CLANG_WARN_QUOTED_INCLUDE_IN_FRAMEWORK_HEADER = YES;
				CLANG_WARN_RANGE_LOOP_ANALYSIS = YES;
				CLANG_WARN_STRICT_PROTOTYPES = YES;
				CLANG_WARN_SUSPICIOUS_MOVE = YES;
				CLANG_WARN_UNGUARDED_AVAILABILITY = YES_AGGRESSIVE;
				CLANG_WARN_UNREACHABLE_CODE = YES;
				CLANG_WARN__DUPLICATE_METHOD_MATCH = YES;
				COPY_PHASE_STRIP = NO;
				DEBUG_INFORMATION_FORMAT = "dwarf-with-dsym";
				ENABLE_NS_ASSERTIONS = NO;
				ENABLE_STRICT_OBJC_MSGSEND = YES;
				GCC_C_LANGUAGE_STANDARD = gnu11;
				GCC_NO_COMMON_BLOCKS = YES;
				GCC_WARN_64_TO_32_BIT_CONVERSION = YES;
				GCC_WARN_ABOUT_RETURN_TYPE = YES_ERROR;
				GCC_WARN_UNDECLARED_SELECTOR = YES;
				GCC_WARN_UNINITIALIZED_AUTOS = YES_AGGRESSIVE;
				GCC_WARN_UNUSED_FUNCTION = YES;
				GCC_WARN_UNUSED_VARIABLE = YES;
				IPHONEOS_DEPLOYMENT_TARGET = 15.2;
				MTL_ENABLE_DEBUG_INFO = NO;
				MTL_FAST_MATH = YES;
				SDKROOT = iphoneos;
				SWIFT_COMPILATION_MODE = wholemodule;
				SWIFT_OPTIMIZATION_LEVEL = "-O";
				VALIDATE_PRODUCT = YES;
			};
			name = Release;
		};
		8652535A27AE60B400B1DCD5 /* Debug */ = {
			isa = XCBuildConfiguration;
			buildSettings = {
				ASSETCATALOG_COMPILER_APPICON_NAME = AppIcon;
				ASSETCATALOG_COMPILER_GLOBAL_ACCENT_COLOR_NAME = AccentColor;
				CODE_SIGN_STYLE = Automatic;
				CURRENT_PROJECT_VERSION = 1;
				DEVELOPMENT_ASSET_PATHS = "\"GithubRepository/Preview Content\"";
				ENABLE_PREVIEWS = YES;
				GENERATE_INFOPLIST_FILE = YES;
				INFOPLIST_KEY_UIApplicationSceneManifest_Generation = YES;
				INFOPLIST_KEY_UIApplicationSupportsIndirectInputEvents = YES;
				INFOPLIST_KEY_UILaunchScreen_Generation = YES;
				INFOPLIST_KEY_UISupportedInterfaceOrientations_iPad = "UIInterfaceOrientationPortrait UIInterfaceOrientationPortraitUpsideDown UIInterfaceOrientationLandscapeLeft UIInterfaceOrientationLandscapeRight";
				INFOPLIST_KEY_UISupportedInterfaceOrientations_iPhone = "UIInterfaceOrientationPortrait UIInterfaceOrientationLandscapeLeft UIInterfaceOrientationLandscapeRight";
				LD_RUNPATH_SEARCH_PATHS = (
					"$(inherited)",
					"@executable_path/Frameworks",
				);
				MARKETING_VERSION = 1.0;
				PRODUCT_BUNDLE_IDENTIFIER = com.ian.GithubRepository;
				PRODUCT_NAME = "$(TARGET_NAME)";
				SWIFT_EMIT_LOC_STRINGS = YES;
				SWIFT_VERSION = 5.0;
				TARGETED_DEVICE_FAMILY = "1,2";
			};
			name = Debug;
		};
		8652535B27AE60B400B1DCD5 /* Release */ = {
			isa = XCBuildConfiguration;
			buildSettings = {
				ASSETCATALOG_COMPILER_APPICON_NAME = AppIcon;
				ASSETCATALOG_COMPILER_GLOBAL_ACCENT_COLOR_NAME = AccentColor;
				CODE_SIGN_STYLE = Automatic;
				CURRENT_PROJECT_VERSION = 1;
				DEVELOPMENT_ASSET_PATHS = "\"GithubRepository/Preview Content\"";
				ENABLE_PREVIEWS = YES;
				GENERATE_INFOPLIST_FILE = YES;
				INFOPLIST_KEY_UIApplicationSceneManifest_Generation = YES;
				INFOPLIST_KEY_UIApplicationSupportsIndirectInputEvents = YES;
				INFOPLIST_KEY_UILaunchScreen_Generation = YES;
				INFOPLIST_KEY_UISupportedInterfaceOrientations_iPad = "UIInterfaceOrientationPortrait UIInterfaceOrientationPortraitUpsideDown UIInterfaceOrientationLandscapeLeft UIInterfaceOrientationLandscapeRight";
				INFOPLIST_KEY_UISupportedInterfaceOrientations_iPhone = "UIInterfaceOrientationPortrait UIInterfaceOrientationLandscapeLeft UIInterfaceOrientationLandscapeRight";
				LD_RUNPATH_SEARCH_PATHS = (
					"$(inherited)",
					"@executable_path/Frameworks",
				);
				MARKETING_VERSION = 1.0;
				PRODUCT_BUNDLE_IDENTIFIER = com.ian.GithubRepository;
				PRODUCT_NAME = "$(TARGET_NAME)";
				SWIFT_EMIT_LOC_STRINGS = YES;
				SWIFT_VERSION = 5.0;
				TARGETED_DEVICE_FAMILY = "1,2";
			};
			name = Release;
		};
/* End XCBuildConfiguration section */

/* Begin XCConfigurationList section */
		8652534627AE60B300B1DCD5 /* Build configuration list for PBXProject "GithubRepository" */ = {
			isa = XCConfigurationList;
			buildConfigurations = (
				8652535727AE60B400B1DCD5 /* Debug */,
				8652535827AE60B400B1DCD5 /* Release */,
			);
			defaultConfigurationIsVisible = 0;
			defaultConfigurationName = Release;
		};
		8652535927AE60B400B1DCD5 /* Build configuration list for PBXNativeTarget "GithubRepository" */ = {
			isa = XCConfigurationList;
			buildConfigurations = (
				8652535A27AE60B400B1DCD5 /* Debug */,
				8652535B27AE60B400B1DCD5 /* Release */,
			);
			defaultConfigurationIsVisible = 0;
			defaultConfigurationName = Release;
		};
/* End XCConfigurationList section */
	};
	rootObject = 8652534327AE60B300B1DCD5 /* Project object */;
}
