// !$*UTF8*$!
{
	archiveVersion = 1;
	classes = {
	};
	objectVersion = 55;
	objects = {

/* Begin PBXBuildFile section */
		86B35DCE275B888A0013C43F /* SwiftI_Combine_GithubApp.swift in Sources */ = {isa = PBXBuildFile; fileRef = 86B35DCD275B888A0013C43F /* SwiftI_Combine_GithubApp.swift */; };
		86B35DD0275B888A0013C43F /* ContentView.swift in Sources */ = {isa = PBXBuildFile; fileRef = 86B35DCF275B888A0013C43F /* ContentView.swift */; };
		86B35DD2275B888C0013C43F /* Assets.xcassets in Resources */ = {isa = PBXBuildFile; fileRef = 86B35DD1275B888C0013C43F /* Assets.xcassets */; };
		86B35DD5275B888C0013C43F /* Preview Assets.xcassets in Resources */ = {isa = PBXBuildFile; fileRef = 86B35DD4275B888C0013C43F /* Preview Assets.xcassets */; };
		86EBA38A275B892B00653954 /* User.swift in Sources */ = {isa = PBXBuildFile; fileRef = 86EBA389275B892B00653954 /* User.swift */; };
		86EBA38C275B898700653954 /* SearchUserRow.swift in Sources */ = {isa = PBXBuildFile; fileRef = 86EBA38B275B898700653954 /* SearchUserRow.swift */; };
		86EBA38E275B89B200653954 /* SearchUserViewModel.swift in Sources */ = {isa = PBXBuildFile; fileRef = 86EBA38D275B89B200653954 /* SearchUserViewModel.swift */; };
		86EBA390275B8CE600653954 /* SearchUserView.swift in Sources */ = {isa = PBXBuildFile; fileRef = 86EBA38F275B8CE600653954 /* SearchUserView.swift */; };
		86EBA392275B8D1C00653954 /* SearchUserBar.swift in Sources */ = {isa = PBXBuildFile; fileRef = 86EBA391275B8D1C00653954 /* SearchUserBar.swift */; };
/* End PBXBuildFile section */

/* Begin PBXFileReference section */
		86B35DCA275B888A0013C43F /* SwiftI_Combine_Github.app */ = {isa = PBXFileReference; explicitFileType = wrapper.application; includeInIndex = 0; path = SwiftI_Combine_Github.app; sourceTree = BUILT_PRODUCTS_DIR; };
		86B35DCD275B888A0013C43F /* SwiftI_Combine_GithubApp.swift */ = {isa = PBXFileReference; lastKnownFileType = sourcecode.swift; path = SwiftI_Combine_GithubApp.swift; sourceTree = "<group>"; };
		86B35DCF275B888A0013C43F /* ContentView.swift */ = {isa = PBXFileReference; lastKnownFileType = sourcecode.swift; path = ContentView.swift; sourceTree = "<group>"; };
		86B35DD1275B888C0013C43F /* Assets.xcassets */ = {isa = PBXFileReference; lastKnownFileType = folder.assetcatalog; path = Assets.xcassets; sourceTree = "<group>"; };
		86B35DD4275B888C0013C43F /* Preview Assets.xcassets */ = {isa = PBXFileReference; lastKnownFileType = folder.assetcatalog; path = "Preview Assets.xcassets"; sourceTree = "<group>"; };
		86EBA389275B892B00653954 /* User.swift */ = {isa = PBXFileReference; lastKnownFileType = sourcecode.swift; path = User.swift; sourceTree = "<group>"; };
		86EBA38B275B898700653954 /* SearchUserRow.swift */ = {isa = PBXFileReference; lastKnownFileType = sourcecode.swift; path = SearchUserRow.swift; sourceTree = "<group>"; };
		86EBA38D275B89B200653954 /* SearchUserViewModel.swift */ = {isa = PBXFileReference; lastKnownFileType = sourcecode.swift; path = SearchUserViewModel.swift; sourceTree = "<group>"; };
		86EBA38F275B8CE600653954 /* SearchUserView.swift */ = {isa = PBXFileReference; lastKnownFileType = sourcecode.swift; path = SearchUserView.swift; sourceTree = "<group>"; };
		86EBA391275B8D1C00653954 /* SearchUserBar.swift */ = {isa = PBXFileReference; lastKnownFileType = sourcecode.swift; path = SearchUserBar.swift; sourceTree = "<group>"; };
/* End PBXFileReference section */

/* Begin PBXFrameworksBuildPhase section */
		86B35DC7275B888A0013C43F /* Frameworks */ = {
			isa = PBXFrameworksBuildPhase;
			buildActionMask = 2147483647;
			files = (
			);
			runOnlyForDeploymentPostprocessing = 0;
		};
/* End PBXFrameworksBuildPhase section */

/* Begin PBXGroup section */
		86B35DC1275B888A0013C43F = {
			isa = PBXGroup;
			children = (
				86B35DCC275B888A0013C43F /* SwiftI_Combine_Github */,
				86B35DCB275B888A0013C43F /* Products */,
			);
			sourceTree = "<group>";
		};
		86B35DCB275B888A0013C43F /* Products */ = {
			isa = PBXGroup;
			children = (
				86B35DCA275B888A0013C43F /* SwiftI_Combine_Github.app */,
			);
			name = Products;
			sourceTree = "<group>";
		};
		86B35DCC275B888A0013C43F /* SwiftI_Combine_Github */ = {
			isa = PBXGroup;
			children = (
				86EBA388275B892500653954 /* View */,
				86EBA387275B892200653954 /* ViewModel */,
				86EBA386275B891E00653954 /* Model */,
				86B35DCD275B888A0013C43F /* SwiftI_Combine_GithubApp.swift */,
				86B35DCF275B888A0013C43F /* ContentView.swift */,
				86B35DD1275B888C0013C43F /* Assets.xcassets */,
				86B35DD3275B888C0013C43F /* Preview Content */,
			);
			path = SwiftI_Combine_Github;
			sourceTree = "<group>";
		};
		86B35DD3275B888C0013C43F /* Preview Content */ = {
			isa = PBXGroup;
			children = (
				86B35DD4275B888C0013C43F /* Preview Assets.xcassets */,
			);
			path = "Preview Content";
			sourceTree = "<group>";
		};
		86EBA386275B891E00653954 /* Model */ = {
			isa = PBXGroup;
			children = (
				86EBA389275B892B00653954 /* User.swift */,
			);
			path = Model;
			sourceTree = "<group>";
		};
		86EBA387275B892200653954 /* ViewModel */ = {
			isa = PBXGroup;
			children = (
				86EBA38D275B89B200653954 /* SearchUserViewModel.swift */,
			);
			path = ViewModel;
			sourceTree = "<group>";
		};
		86EBA388275B892500653954 /* View */ = {
			isa = PBXGroup;
			children = (
				86EBA38B275B898700653954 /* SearchUserRow.swift */,
				86EBA38F275B8CE600653954 /* SearchUserView.swift */,
				86EBA391275B8D1C00653954 /* SearchUserBar.swift */,
			);
			path = View;
			sourceTree = "<group>";
		};
/* End PBXGroup section */

/* Begin PBXNativeTarget section */
		86B35DC9275B888A0013C43F /* SwiftI_Combine_Github */ = {
			isa = PBXNativeTarget;
			buildConfigurationList = 86B35DD8275B888C0013C43F /* Build configuration list for PBXNativeTarget "SwiftI_Combine_Github" */;
			buildPhases = (
				86B35DC6275B888A0013C43F /* Sources */,
				86B35DC7275B888A0013C43F /* Frameworks */,
				86B35DC8275B888A0013C43F /* Resources */,
			);
			buildRules = (
			);
			dependencies = (
			);
			name = SwiftI_Combine_Github;
			productName = SwiftI_Combine_Github;
			productReference = 86B35DCA275B888A0013C43F /* SwiftI_Combine_Github.app */;
			productType = "com.apple.product-type.application";
		};
/* End PBXNativeTarget section */

/* Begin PBXProject section */
		86B35DC2275B888A0013C43F /* Project object */ = {
			isa = PBXProject;
			attributes = {
				BuildIndependentTargetsInParallel = 1;
				LastSwiftUpdateCheck = 1310;
				LastUpgradeCheck = 1310;
				TargetAttributes = {
					86B35DC9275B888A0013C43F = {
						CreatedOnToolsVersion = 13.1;
					};
				};
			};
			buildConfigurationList = 86B35DC5275B888A0013C43F /* Build configuration list for PBXProject "SwiftI_Combine_Github" */;
			compatibilityVersion = "Xcode 13.0";
			developmentRegion = en;
			hasScannedForEncodings = 0;
			knownRegions = (
				en,
				Base,
			);
			mainGroup = 86B35DC1275B888A0013C43F;
			productRefGroup = 86B35DCB275B888A0013C43F /* Products */;
			projectDirPath = "";
			projectRoot = "";
			targets = (
				86B35DC9275B888A0013C43F /* SwiftI_Combine_Github */,
			);
		};
/* End PBXProject section */

/* Begin PBXResourcesBuildPhase section */
		86B35DC8275B888A0013C43F /* Resources */ = {
			isa = PBXResourcesBuildPhase;
			buildActionMask = 2147483647;
			files = (
				86B35DD5275B888C0013C43F /* Preview Assets.xcassets in Resources */,
				86B35DD2275B888C0013C43F /* Assets.xcassets in Resources */,
			);
			runOnlyForDeploymentPostprocessing = 0;
		};
/* End PBXResourcesBuildPhase section */

/* Begin PBXSourcesBuildPhase section */
		86B35DC6275B888A0013C43F /* Sources */ = {
			isa = PBXSourcesBuildPhase;
			buildActionMask = 2147483647;
			files = (
				86EBA392275B8D1C00653954 /* SearchUserBar.swift in Sources */,
				86B35DD0275B888A0013C43F /* ContentView.swift in Sources */,
				86EBA38E275B89B200653954 /* SearchUserViewModel.swift in Sources */,
				86B35DCE275B888A0013C43F /* SwiftI_Combine_GithubApp.swift in Sources */,
				86EBA390275B8CE600653954 /* SearchUserView.swift in Sources */,
				86EBA38A275B892B00653954 /* User.swift in Sources */,
				86EBA38C275B898700653954 /* SearchUserRow.swift in Sources */,
			);
			runOnlyForDeploymentPostprocessing = 0;
		};
/* End PBXSourcesBuildPhase section */

/* Begin XCBuildConfiguration section */
		86B35DD6275B888C0013C43F /* Debug */ = {
			isa = XCBuildConfiguration;
			buildSettings = {
				ALWAYS_SEARCH_USER_PATHS = NO;
				CLANG_ANALYZER_NONNULL = YES;
				CLANG_ANALYZER_NUMBER_OBJECT_CONVERSION = YES_AGGRESSIVE;
				CLANG_CXX_LANGUAGE_STANDARD = "gnu++17";
				CLANG_CXX_LIBRARY = "libc++";
				CLANG_ENABLE_MODULES = YES;
				CLANG_ENABLE_OBJC_ARC = YES;
				CLANG_ENABLE_OBJC_WEAK = YES;
				CLANG_WARN_BLOCK_CAPTURE_AUTORELEASING = YES;
				CLANG_WARN_BOOL_CONVERSION = YES;
				CLANG_WARN_COMMA = YES;
				CLANG_WARN_CONSTANT_CONVERSION = YES;
				CLANG_WARN_DEPRECATED_OBJC_IMPLEMENTATIONS = YES;
				CLANG_WARN_DIRECT_OBJC_ISA_USAGE = YES_ERROR;
				CLANG_WARN_DOCUMENTATION_COMMENTS = YES;
				CLANG_WARN_EMPTY_BODY = YES;
				CLANG_WARN_ENUM_CONVERSION = YES;
				CLANG_WARN_INFINITE_RECURSION = YES;
				CLANG_WARN_INT_CONVERSION = YES;
				CLANG_WARN_NON_LITERAL_NULL_CONVERSION = YES;
				CLANG_WARN_OBJC_IMPLICIT_RETAIN_SELF = YES;
				CLANG_WARN_OBJC_LITERAL_CONVERSION = YES;
				CLANG_WARN_OBJC_ROOT_CLASS = YES_ERROR;
				CLANG_WARN_QUOTED_INCLUDE_IN_FRAMEWORK_HEADER = YES;
				CLANG_WARN_RANGE_LOOP_ANALYSIS = YES;
				CLANG_WARN_STRICT_PROTOTYPES = YES;
				CLANG_WARN_SUSPICIOUS_MOVE = YES;
				CLANG_WARN_UNGUARDED_AVAILABILITY = YES_AGGRESSIVE;
				CLANG_WARN_UNREACHABLE_CODE = YES;
				CLANG_WARN__DUPLICATE_METHOD_MATCH = YES;
				COPY_PHASE_STRIP = NO;
				DEBUG_INFORMATION_FORMAT = dwarf;
				ENABLE_STRICT_OBJC_MSGSEND = YES;
				ENABLE_TESTABILITY = YES;
				GCC_C_LANGUAGE_STANDARD = gnu11;
				GCC_DYNAMIC_NO_PIC = NO;
				GCC_NO_COMMON_BLOCKS = YES;
				GCC_OPTIMIZATION_LEVEL = 0;
				GCC_PREPROCESSOR_DEFINITIONS = (
					"DEBUG=1",
					"$(inherited)",
				);
				GCC_WARN_64_TO_32_BIT_CONVERSION = YES;
				GCC_WARN_ABOUT_RETURN_TYPE = YES_ERROR;
				GCC_WARN_UNDECLARED_SELECTOR = YES;
				GCC_WARN_UNINITIALIZED_AUTOS = YES_AGGRESSIVE;
				GCC_WARN_UNUSED_FUNCTION = YES;
				GCC_WARN_UNUSED_VARIABLE = YES;
				IPHONEOS_DEPLOYMENT_TARGET = 15.0;
				MTL_ENABLE_DEBUG_INFO = INCLUDE_SOURCE;
				MTL_FAST_MATH = YES;
				ONLY_ACTIVE_ARCH = YES;
				SDKROOT = iphoneos;
				SWIFT_ACTIVE_COMPILATION_CONDITIONS = DEBUG;
				SWIFT_OPTIMIZATION_LEVEL = "-Onone";
			};
			name = Debug;
		};
		86B35DD7275B888C0013C43F /* Release */ = {
			isa = XCBuildConfiguration;
			buildSettings = {
				ALWAYS_SEARCH_USER_PATHS = NO;
				CLANG_ANALYZER_NONNULL = YES;
				CLANG_ANALYZER_NUMBER_OBJECT_CONVERSION = YES_AGGRESSIVE;
				CLANG_CXX_LANGUAGE_STANDARD = "gnu++17";
				CLANG_CXX_LIBRARY = "libc++";
				CLANG_ENABLE_MODULES = YES;
				CLANG_ENABLE_OBJC_ARC = YES;
				CLANG_ENABLE_OBJC_WEAK = YES;
				CLANG_WARN_BLOCK_CAPTURE_AUTORELEASING = YES;
				CLANG_WARN_BOOL_CONVERSION = YES;
				CLANG_WARN_COMMA = YES;
				CLANG_WARN_CONSTANT_CONVERSION = YES;
				CLANG_WARN_DEPRECATED_OBJC_IMPLEMENTATIONS = YES;
				CLANG_WARN_DIRECT_OBJC_ISA_USAGE = YES_ERROR;
				CLANG_WARN_DOCUMENTATION_COMMENTS = YES;
				CLANG_WARN_EMPTY_BODY = YES;
				CLANG_WARN_ENUM_CONVERSION = YES;
				CLANG_WARN_INFINITE_RECURSION = YES;
				CLANG_WARN_INT_CONVERSION = YES;
				CLANG_WARN_NON_LITERAL_NULL_CONVERSION = YES;
				CLANG_WARN_OBJC_IMPLICIT_RETAIN_SELF = YES;
				CLANG_WARN_OBJC_LITERAL_CONVERSION = YES;
				CLANG_WARN_OBJC_ROOT_CLASS = YES_ERROR;
				CLANG_WARN_QUOTED_INCLUDE_IN_FRAMEWORK_HEADER = YES;
				CLANG_WARN_RANGE_LOOP_ANALYSIS = YES;
				CLANG_WARN_STRICT_PROTOTYPES = YES;
				CLANG_WARN_SUSPICIOUS_MOVE = YES;
				CLANG_WARN_UNGUARDED_AVAILABILITY = YES_AGGRESSIVE;
				CLANG_WARN_UNREACHABLE_CODE = YES;
				CLANG_WARN__DUPLICATE_METHOD_MATCH = YES;
				COPY_PHASE_STRIP = NO;
				DEBUG_INFORMATION_FORMAT = "dwarf-with-dsym";
				ENABLE_NS_ASSERTIONS = NO;
				ENABLE_STRICT_OBJC_MSGSEND = YES;
				GCC_C_LANGUAGE_STANDARD = gnu11;
				GCC_NO_COMMON_BLOCKS = YES;
				GCC_WARN_64_TO_32_BIT_CONVERSION = YES;
				GCC_WARN_ABOUT_RETURN_TYPE = YES_ERROR;
				GCC_WARN_UNDECLARED_SELECTOR = YES;
				GCC_WARN_UNINITIALIZED_AUTOS = YES_AGGRESSIVE;
				GCC_WARN_UNUSED_FUNCTION = YES;
				GCC_WARN_UNUSED_VARIABLE = YES;
				IPHONEOS_DEPLOYMENT_TARGET = 15.0;
				MTL_ENABLE_DEBUG_INFO = NO;
				MTL_FAST_MATH = YES;
				SDKROOT = iphoneos;
				SWIFT_COMPILATION_MODE = wholemodule;
				SWIFT_OPTIMIZATION_LEVEL = "-O";
				VALIDATE_PRODUCT = YES;
			};
			name = Release;
		};
		86B35DD9275B888C0013C43F /* Debug */ = {
			isa = XCBuildConfiguration;
			buildSettings = {
				ASSETCATALOG_COMPILER_APPICON_NAME = AppIcon;
				ASSETCATALOG_COMPILER_GLOBAL_ACCENT_COLOR_NAME = AccentColor;
				CODE_SIGN_STYLE = Automatic;
				CURRENT_PROJECT_VERSION = 1;
				DEVELOPMENT_ASSET_PATHS = "\"SwiftI_Combine_Github/Preview Content\"";
				ENABLE_PREVIEWS = YES;
				GENERATE_INFOPLIST_FILE = YES;
				INFOPLIST_KEY_UIApplicationSceneManifest_Generation = YES;
				INFOPLIST_KEY_UIApplicationSupportsIndirectInputEvents = YES;
				INFOPLIST_KEY_UILaunchScreen_Generation = YES;
				INFOPLIST_KEY_UISupportedInterfaceOrientations_iPad = "UIInterfaceOrientationPortrait UIInterfaceOrientationPortraitUpsideDown UIInterfaceOrientationLandscapeLeft UIInterfaceOrientationLandscapeRight";
				INFOPLIST_KEY_UISupportedInterfaceOrientations_iPhone = "UIInterfaceOrientationPortrait UIInterfaceOrientationLandscapeLeft UIInterfaceOrientationLandscapeRight";
				LD_RUNPATH_SEARCH_PATHS = (
					"$(inherited)",
					"@executable_path/Frameworks",
				);
				MARKETING_VERSION = 1.0;
				PRODUCT_BUNDLE_IDENTIFIER = "demo.SwiftI-Combine-Github";
				PRODUCT_NAME = "$(TARGET_NAME)";
				SWIFT_EMIT_LOC_STRINGS = YES;
				SWIFT_VERSION = 5.0;
				TARGETED_DEVICE_FAMILY = "1,2";
			};
			name = Debug;
		};
		86B35DDA275B888C0013C43F /* Release */ = {
			isa = XCBuildConfiguration;
			buildSettings = {
				ASSETCATALOG_COMPILER_APPICON_NAME = AppIcon;
				ASSETCATALOG_COMPILER_GLOBAL_ACCENT_COLOR_NAME = AccentColor;
				CODE_SIGN_STYLE = Automatic;
				CURRENT_PROJECT_VERSION = 1;
				DEVELOPMENT_ASSET_PATHS = "\"SwiftI_Combine_Github/Preview Content\"";
				ENABLE_PREVIEWS = YES;
				GENERATE_INFOPLIST_FILE = YES;
				INFOPLIST_KEY_UIApplicationSceneManifest_Generation = YES;
				INFOPLIST_KEY_UIApplicationSupportsIndirectInputEvents = YES;
				INFOPLIST_KEY_UILaunchScreen_Generation = YES;
				INFOPLIST_KEY_UISupportedInterfaceOrientations_iPad = "UIInterfaceOrientationPortrait UIInterfaceOrientationPortraitUpsideDown UIInterfaceOrientationLandscapeLeft UIInterfaceOrientationLandscapeRight";
				INFOPLIST_KEY_UISupportedInterfaceOrientations_iPhone = "UIInterfaceOrientationPortrait UIInterfaceOrientationLandscapeLeft UIInterfaceOrientationLandscapeRight";
				LD_RUNPATH_SEARCH_PATHS = (
					"$(inherited)",
					"@executable_path/Frameworks",
				);
				MARKETING_VERSION = 1.0;
				PRODUCT_BUNDLE_IDENTIFIER = "demo.SwiftI-Combine-Github";
				PRODUCT_NAME = "$(TARGET_NAME)";
				SWIFT_EMIT_LOC_STRINGS = YES;
				SWIFT_VERSION = 5.0;
				TARGETED_DEVICE_FAMILY = "1,2";
			};
			name = Release;
		};
/* End XCBuildConfiguration section */

/* Begin XCConfigurationList section */
		86B35DC5275B888A0013C43F /* Build configuration list for PBXProject "SwiftI_Combine_Github" */ = {
			isa = XCConfigurationList;
			buildConfigurations = (
				86B35DD6275B888C0013C43F /* Debug */,
				86B35DD7275B888C0013C43F /* Release */,
			);
			defaultConfigurationIsVisible = 0;
			defaultConfigurationName = Release;
		};
		86B35DD8275B888C0013C43F /* Build configuration list for PBXNativeTarget "SwiftI_Combine_Github" */ = {
			isa = XCConfigurationList;
			buildConfigurations = (
				86B35DD9275B888C0013C43F /* Debug */,
				86B35DDA275B888C0013C43F /* Release */,
			);
			defaultConfigurationIsVisible = 0;
			defaultConfigurationName = Release;
		};
/* End XCConfigurationList section */
	};
	rootObject = 86B35DC2275B888A0013C43F /* Project object */;
}
