// !$*UTF8*$!
{
	archiveVersion = 1;
	classes = {
	};
	objectVersion = 50;
	objects = {

/* Begin PBXBuildFile section */
		B594393627566AC800D67FD0 /* AppDelegate.swift in Sources */ = {isa = PBXBuildFile; fileRef = B594393527566AC800D67FD0 /* AppDelegate.swift */; };
		B594393827566AC800D67FD0 /* SceneDelegate.swift in Sources */ = {isa = PBXBuildFile; fileRef = B594393727566AC800D67FD0 /* SceneDelegate.swift */; };
		B594393A27566AC800D67FD0 /* ContentView.swift in Sources */ = {isa = PBXBuildFile; fileRef = B594393927566AC800D67FD0 /* ContentView.swift */; };
		B594393C27566AC900D67FD0 /* Assets.xcassets in Resources */ = {isa = PBXBuildFile; fileRef = B594393B27566AC900D67FD0 /* Assets.xcassets */; };
		B594393F27566AC900D67FD0 /* Preview Assets.xcassets in Resources */ = {isa = PBXBuildFile; fileRef = B594393E27566AC900D67FD0 /* Preview Assets.xcassets */; };
		B594394227566AC900D67FD0 /* LaunchScreen.storyboard in Resources */ = {isa = PBXBuildFile; fileRef = B594394027566AC900D67FD0 /* LaunchScreen.storyboard */; };
		B594394D27566B0800D67FD0 /* Brewery.swift in Sources */ = {isa = PBXBuildFile; fileRef = B594394C27566B0800D67FD0 /* Brewery.swift */; };
		B594394F27566B3300D67FD0 /* BreweriesView.swift in Sources */ = {isa = PBXBuildFile; fileRef = B594394E27566B3300D67FD0 /* BreweriesView.swift */; };
		B594395127566BBF00D67FD0 /* BreweryView.swift in Sources */ = {isa = PBXBuildFile; fileRef = B594395027566BBF00D67FD0 /* BreweryView.swift */; };
		B594395327566C2C00D67FD0 /* BreweriesViewModel.swift in Sources */ = {isa = PBXBuildFile; fileRef = B594395227566C2C00D67FD0 /* BreweriesViewModel.swift */; };
/* End PBXBuildFile section */

/* Begin PBXFileReference section */
		B594393227566AC800D67FD0 /* SwiftUI_Combine_MVVM_Demo.app */ = {isa = PBXFileReference; explicitFileType = wrapper.application; includeInIndex = 0; path = SwiftUI_Combine_MVVM_Demo.app; sourceTree = BUILT_PRODUCTS_DIR; };
		B594393527566AC800D67FD0 /* AppDelegate.swift */ = {isa = PBXFileReference; lastKnownFileType = sourcecode.swift; path = AppDelegate.swift; sourceTree = "<group>"; };
		B594393727566AC800D67FD0 /* SceneDelegate.swift */ = {isa = PBXFileReference; lastKnownFileType = sourcecode.swift; path = SceneDelegate.swift; sourceTree = "<group>"; };
		B594393927566AC800D67FD0 /* ContentView.swift */ = {isa = PBXFileReference; lastKnownFileType = sourcecode.swift; path = ContentView.swift; sourceTree = "<group>"; };
		B594393B27566AC900D67FD0 /* Assets.xcassets */ = {isa = PBXFileReference; lastKnownFileType = folder.assetcatalog; path = Assets.xcassets; sourceTree = "<group>"; };
		B594393E27566AC900D67FD0 /* Preview Assets.xcassets */ = {isa = PBXFileReference; lastKnownFileType = folder.assetcatalog; path = "Preview Assets.xcassets"; sourceTree = "<group>"; };
		B594394127566AC900D67FD0 /* Base */ = {isa = PBXFileReference; lastKnownFileType = file.storyboard; name = Base; path = Base.lproj/LaunchScreen.storyboard; sourceTree = "<group>"; };
		B594394327566AC900D67FD0 /* Info.plist */ = {isa = PBXFileReference; lastKnownFileType = text.plist.xml; path = Info.plist; sourceTree = "<group>"; };
		B594394C27566B0800D67FD0 /* Brewery.swift */ = {isa = PBXFileReference; lastKnownFileType = sourcecode.swift; path = Brewery.swift; sourceTree = "<group>"; };
		B594394E27566B3300D67FD0 /* BreweriesView.swift */ = {isa = PBXFileReference; lastKnownFileType = sourcecode.swift; path = BreweriesView.swift; sourceTree = "<group>"; };
		B594395027566BBF00D67FD0 /* BreweryView.swift */ = {isa = PBXFileReference; lastKnownFileType = sourcecode.swift; path = BreweryView.swift; sourceTree = "<group>"; };
		B594395227566C2C00D67FD0 /* BreweriesViewModel.swift */ = {isa = PBXFileReference; lastKnownFileType = sourcecode.swift; path = BreweriesViewModel.swift; sourceTree = "<group>"; };
/* End PBXFileReference section */

/* Begin PBXFrameworksBuildPhase section */
		B594392F27566AC800D67FD0 /* Frameworks */ = {
			isa = PBXFrameworksBuildPhase;
			buildActionMask = 2147483647;
			files = (
			);
			runOnlyForDeploymentPostprocessing = 0;
		};
/* End PBXFrameworksBuildPhase section */

/* Begin PBXGroup section */
		B594392927566AC800D67FD0 = {
			isa = PBXGroup;
			children = (
				B594393427566AC800D67FD0 /* SwiftUI_Combine_MVVM_Demo */,
				B594393327566AC800D67FD0 /* Products */,
			);
			sourceTree = "<group>";
		};
		B594393327566AC800D67FD0 /* Products */ = {
			isa = PBXGroup;
			children = (
				B594393227566AC800D67FD0 /* SwiftUI_Combine_MVVM_Demo.app */,
			);
			name = Products;
			sourceTree = "<group>";
		};
		B594393427566AC800D67FD0 /* SwiftUI_Combine_MVVM_Demo */ = {
			isa = PBXGroup;
			children = (
				B594394B27566AF500D67FD0 /* View */,
				B594394A27566AF200D67FD0 /* ViewModel */,
				B594394927566AEF00D67FD0 /* Model */,
				B594393527566AC800D67FD0 /* AppDelegate.swift */,
				B594393727566AC800D67FD0 /* SceneDelegate.swift */,
				B594393927566AC800D67FD0 /* ContentView.swift */,
				B594393B27566AC900D67FD0 /* Assets.xcassets */,
				B594394027566AC900D67FD0 /* LaunchScreen.storyboard */,
				B594394327566AC900D67FD0 /* Info.plist */,
				B594393D27566AC900D67FD0 /* Preview Content */,
			);
			path = SwiftUI_Combine_MVVM_Demo;
			sourceTree = "<group>";
		};
		B594393D27566AC900D67FD0 /* Preview Content */ = {
			isa = PBXGroup;
			children = (
				B594393E27566AC900D67FD0 /* Preview Assets.xcassets */,
			);
			path = "Preview Content";
			sourceTree = "<group>";
		};
		B594394927566AEF00D67FD0 /* Model */ = {
			isa = PBXGroup;
			children = (
				B594394C27566B0800D67FD0 /* Brewery.swift */,
			);
			path = Model;
			sourceTree = "<group>";
		};
		B594394A27566AF200D67FD0 /* ViewModel */ = {
			isa = PBXGroup;
			children = (
				B594395227566C2C00D67FD0 /* BreweriesViewModel.swift */,
			);
			path = ViewModel;
			sourceTree = "<group>";
		};
		B594394B27566AF500D67FD0 /* View */ = {
			isa = PBXGroup;
			children = (
				B594394E27566B3300D67FD0 /* BreweriesView.swift */,
				B594395027566BBF00D67FD0 /* BreweryView.swift */,
			);
			path = View;
			sourceTree = "<group>";
		};
/* End PBXGroup section */

/* Begin PBXNativeTarget section */
		B594393127566AC800D67FD0 /* SwiftUI_Combine_MVVM_Demo */ = {
			isa = PBXNativeTarget;
			buildConfigurationList = B594394627566AC900D67FD0 /* Build configuration list for PBXNativeTarget "SwiftUI_Combine_MVVM_Demo" */;
			buildPhases = (
				B594392E27566AC800D67FD0 /* Sources */,
				B594392F27566AC800D67FD0 /* Frameworks */,
				B594393027566AC800D67FD0 /* Resources */,
			);
			buildRules = (
			);
			dependencies = (
			);
			name = SwiftUI_Combine_MVVM_Demo;
			productName = SwiftUI_Combine_MVVM_Demo;
			productReference = B594393227566AC800D67FD0 /* SwiftUI_Combine_MVVM_Demo.app */;
			productType = "com.apple.product-type.application";
		};
/* End PBXNativeTarget section */

/* Begin PBXProject section */
		B594392A27566AC800D67FD0 /* Project object */ = {
			isa = PBXProject;
			attributes = {
				LastSwiftUpdateCheck = 1250;
				LastUpgradeCheck = 1250;
				TargetAttributes = {
					B594393127566AC800D67FD0 = {
						CreatedOnToolsVersion = 12.5;
					};
				};
			};
			buildConfigurationList = B594392D27566AC800D67FD0 /* Build configuration list for PBXProject "SwiftUI_Combine_MVVM_Demo" */;
			compatibilityVersion = "Xcode 9.3";
			developmentRegion = en;
			hasScannedForEncodings = 0;
			knownRegions = (
				en,
				Base,
			);
			mainGroup = B594392927566AC800D67FD0;
			productRefGroup = B594393327566AC800D67FD0 /* Products */;
			projectDirPath = "";
			projectRoot = "";
			targets = (
				B594393127566AC800D67FD0 /* SwiftUI_Combine_MVVM_Demo */,
			);
		};
/* End PBXProject section */

/* Begin PBXResourcesBuildPhase section */
		B594393027566AC800D67FD0 /* Resources */ = {
			isa = PBXResourcesBuildPhase;
			buildActionMask = 2147483647;
			files = (
				B594394227566AC900D67FD0 /* LaunchScreen.storyboard in Resources */,
				B594393F27566AC900D67FD0 /* Preview Assets.xcassets in Resources */,
				B594393C27566AC900D67FD0 /* Assets.xcassets in Resources */,
			);
			runOnlyForDeploymentPostprocessing = 0;
		};
/* End PBXResourcesBuildPhase section */

/* Begin PBXSourcesBuildPhase section */
		B594392E27566AC800D67FD0 /* Sources */ = {
			isa = PBXSourcesBuildPhase;
			buildActionMask = 2147483647;
			files = (
				B594394F27566B3300D67FD0 /* BreweriesView.swift in Sources */,
				B594394D27566B0800D67FD0 /* Brewery.swift in Sources */,
				B594393627566AC800D67FD0 /* AppDelegate.swift in Sources */,
				B594393827566AC800D67FD0 /* SceneDelegate.swift in Sources */,
				B594393A27566AC800D67FD0 /* ContentView.swift in Sources */,
				B594395327566C2C00D67FD0 /* BreweriesViewModel.swift in Sources */,
				B594395127566BBF00D67FD0 /* BreweryView.swift in Sources */,
			);
			runOnlyForDeploymentPostprocessing = 0;
		};
/* End PBXSourcesBuildPhase section */

/* Begin PBXVariantGroup section */
		B594394027566AC900D67FD0 /* LaunchScreen.storyboard */ = {
			isa = PBXVariantGroup;
			children = (
				B594394127566AC900D67FD0 /* Base */,
			);
			name = LaunchScreen.storyboard;
			sourceTree = "<group>";
		};
/* End PBXVariantGroup section */

/* Begin XCBuildConfiguration section */
		B594394427566AC900D67FD0 /* Debug */ = {
			isa = XCBuildConfiguration;
			buildSettings = {
				ALWAYS_SEARCH_USER_PATHS = NO;
				CLANG_ANALYZER_NONNULL = YES;
				CLANG_ANALYZER_NUMBER_OBJECT_CONVERSION = YES_AGGRESSIVE;
				CLANG_CXX_LANGUAGE_STANDARD = "gnu++14";
				CLANG_CXX_LIBRARY = "libc++";
				CLANG_ENABLE_MODULES = YES;
				CLANG_ENABLE_OBJC_ARC = YES;
				CLANG_ENABLE_OBJC_WEAK = YES;
				CLANG_WARN_BLOCK_CAPTURE_AUTORELEASING = YES;
				CLANG_WARN_BOOL_CONVERSION = YES;
				CLANG_WARN_COMMA = YES;
				CLANG_WARN_CONSTANT_CONVERSION = YES;
				CLANG_WARN_DEPRECATED_OBJC_IMPLEMENTATIONS = YES;
				CLANG_WARN_DIRECT_OBJC_ISA_USAGE = YES_ERROR;
				CLANG_WARN_DOCUMENTATION_COMMENTS = YES;
				CLANG_WARN_EMPTY_BODY = YES;
				CLANG_WARN_ENUM_CONVERSION = YES;
				CLANG_WARN_INFINITE_RECURSION = YES;
				CLANG_WARN_INT_CONVERSION = YES;
				CLANG_WARN_NON_LITERAL_NULL_CONVERSION = YES;
				CLANG_WARN_OBJC_IMPLICIT_RETAIN_SELF = YES;
				CLANG_WARN_OBJC_LITERAL_CONVERSION = YES;
				CLANG_WARN_OBJC_ROOT_CLASS = YES_ERROR;
				CLANG_WARN_QUOTED_INCLUDE_IN_FRAMEWORK_HEADER = YES;
				CLANG_WARN_RANGE_LOOP_ANALYSIS = YES;
				CLANG_WARN_STRICT_PROTOTYPES = YES;
				CLANG_WARN_SUSPICIOUS_MOVE = YES;
				CLANG_WARN_UNGUARDED_AVAILABILITY = YES_AGGRESSIVE;
				CLANG_WARN_UNREACHABLE_CODE = YES;
				CLANG_WARN__DUPLICATE_METHOD_MATCH = YES;
				COPY_PHASE_STRIP = NO;
				DEBUG_INFORMATION_FORMAT = dwarf;
				ENABLE_STRICT_OBJC_MSGSEND = YES;
				ENABLE_TESTABILITY = YES;
				GCC_C_LANGUAGE_STANDARD = gnu11;
				GCC_DYNAMIC_NO_PIC = NO;
				GCC_NO_COMMON_BLOCKS = YES;
				GCC_OPTIMIZATION_LEVEL = 0;
				GCC_PREPROCESSOR_DEFINITIONS = (
					"DEBUG=1",
					"$(inherited)",
				);
				GCC_WARN_64_TO_32_BIT_CONVERSION = YES;
				GCC_WARN_ABOUT_RETURN_TYPE = YES_ERROR;
				GCC_WARN_UNDECLARED_SELECTOR = YES;
				GCC_WARN_UNINITIALIZED_AUTOS = YES_AGGRESSIVE;
				GCC_WARN_UNUSED_FUNCTION = YES;
				GCC_WARN_UNUSED_VARIABLE = YES;
				IPHONEOS_DEPLOYMENT_TARGET = 14.5;
				MTL_ENABLE_DEBUG_INFO = INCLUDE_SOURCE;
				MTL_FAST_MATH = YES;
				ONLY_ACTIVE_ARCH = YES;
				SDKROOT = iphoneos;
				SWIFT_ACTIVE_COMPILATION_CONDITIONS = DEBUG;
				SWIFT_OPTIMIZATION_LEVEL = "-Onone";
			};
			name = Debug;
		};
		B594394527566AC900D67FD0 /* Release */ = {
			isa = XCBuildConfiguration;
			buildSettings = {
				ALWAYS_SEARCH_USER_PATHS = NO;
				CLANG_ANALYZER_NONNULL = YES;
				CLANG_ANALYZER_NUMBER_OBJECT_CONVERSION = YES_AGGRESSIVE;
				CLANG_CXX_LANGUAGE_STANDARD = "gnu++14";
				CLANG_CXX_LIBRARY = "libc++";
				CLANG_ENABLE_MODULES = YES;
				CLANG_ENABLE_OBJC_ARC = YES;
				CLANG_ENABLE_OBJC_WEAK = YES;
				CLANG_WARN_BLOCK_CAPTURE_AUTORELEASING = YES;
				CLANG_WARN_BOOL_CONVERSION = YES;
				CLANG_WARN_COMMA = YES;
				CLANG_WARN_CONSTANT_CONVERSION = YES;
				CLANG_WARN_DEPRECATED_OBJC_IMPLEMENTATIONS = YES;
				CLANG_WARN_DIRECT_OBJC_ISA_USAGE = YES_ERROR;
				CLANG_WARN_DOCUMENTATION_COMMENTS = YES;
				CLANG_WARN_EMPTY_BODY = YES;
				CLANG_WARN_ENUM_CONVERSION = YES;
				CLANG_WARN_INFINITE_RECURSION = YES;
				CLANG_WARN_INT_CONVERSION = YES;
				CLANG_WARN_NON_LITERAL_NULL_CONVERSION = YES;
				CLANG_WARN_OBJC_IMPLICIT_RETAIN_SELF = YES;
				CLANG_WARN_OBJC_LITERAL_CONVERSION = YES;
				CLANG_WARN_OBJC_ROOT_CLASS = YES_ERROR;
				CLANG_WARN_QUOTED_INCLUDE_IN_FRAMEWORK_HEADER = YES;
				CLANG_WARN_RANGE_LOOP_ANALYSIS = YES;
				CLANG_WARN_STRICT_PROTOTYPES = YES;
				CLANG_WARN_SUSPICIOUS_MOVE = YES;
				CLANG_WARN_UNGUARDED_AVAILABILITY = YES_AGGRESSIVE;
				CLANG_WARN_UNREACHABLE_CODE = YES;
				CLANG_WARN__DUPLICATE_METHOD_MATCH = YES;
				COPY_PHASE_STRIP = NO;
				DEBUG_INFORMATION_FORMAT = "dwarf-with-dsym";
				ENABLE_NS_ASSERTIONS = NO;
				ENABLE_STRICT_OBJC_MSGSEND = YES;
				GCC_C_LANGUAGE_STANDARD = gnu11;
				GCC_NO_COMMON_BLOCKS = YES;
				GCC_WARN_64_TO_32_BIT_CONVERSION = YES;
				GCC_WARN_ABOUT_RETURN_TYPE = YES_ERROR;
				GCC_WARN_UNDECLARED_SELECTOR = YES;
				GCC_WARN_UNINITIALIZED_AUTOS = YES_AGGRESSIVE;
				GCC_WARN_UNUSED_FUNCTION = YES;
				GCC_WARN_UNUSED_VARIABLE = YES;
				IPHONEOS_DEPLOYMENT_TARGET = 14.5;
				MTL_ENABLE_DEBUG_INFO = NO;
				MTL_FAST_MATH = YES;
				SDKROOT = iphoneos;
				SWIFT_COMPILATION_MODE = wholemodule;
				SWIFT_OPTIMIZATION_LEVEL = "-O";
				VALIDATE_PRODUCT = YES;
			};
			name = Release;
		};
		B594394727566AC900D67FD0 /* Debug */ = {
			isa = XCBuildConfiguration;
			buildSettings = {
				ASSETCATALOG_COMPILER_APPICON_NAME = AppIcon;
				ASSETCATALOG_COMPILER_GLOBAL_ACCENT_COLOR_NAME = AccentColor;
				CODE_SIGN_STYLE = Automatic;
				DEVELOPMENT_ASSET_PATHS = "\"SwiftUI_Combine_MVVM_Demo/Preview Content\"";
				DEVELOPMENT_TEAM = 857J3M5L6B;
				ENABLE_PREVIEWS = YES;
				INFOPLIST_FILE = SwiftUI_Combine_MVVM_Demo/Info.plist;
				LD_RUNPATH_SEARCH_PATHS = (
					"$(inherited)",
					"@executable_path/Frameworks",
				);
				PRODUCT_BUNDLE_IDENTIFIER = "com.duwjdtn.SwiftUI-Combine-MVVM-Demo";
				PRODUCT_NAME = "$(TARGET_NAME)";
				SWIFT_VERSION = 5.0;
				TARGETED_DEVICE_FAMILY = "1,2";
			};
			name = Debug;
		};
		B594394827566AC900D67FD0 /* Release */ = {
			isa = XCBuildConfiguration;
			buildSettings = {
				ASSETCATALOG_COMPILER_APPICON_NAME = AppIcon;
				ASSETCATALOG_COMPILER_GLOBAL_ACCENT_COLOR_NAME = AccentColor;
				CODE_SIGN_STYLE = Automatic;
				DEVELOPMENT_ASSET_PATHS = "\"SwiftUI_Combine_MVVM_Demo/Preview Content\"";
				DEVELOPMENT_TEAM = 857J3M5L6B;
				ENABLE_PREVIEWS = YES;
				INFOPLIST_FILE = SwiftUI_Combine_MVVM_Demo/Info.plist;
				LD_RUNPATH_SEARCH_PATHS = (
					"$(inherited)",
					"@executable_path/Frameworks",
				);
				PRODUCT_BUNDLE_IDENTIFIER = "com.duwjdtn.SwiftUI-Combine-MVVM-Demo";
				PRODUCT_NAME = "$(TARGET_NAME)";
				SWIFT_VERSION = 5.0;
				TARGETED_DEVICE_FAMILY = "1,2";
			};
			name = Release;
		};
/* End XCBuildConfiguration section */

/* Begin XCConfigurationList section */
		B594392D27566AC800D67FD0 /* Build configuration list for PBXProject "SwiftUI_Combine_MVVM_Demo" */ = {
			isa = XCConfigurationList;
			buildConfigurations = (
				B594394427566AC900D67FD0 /* Debug */,
				B594394527566AC900D67FD0 /* Release */,
			);
			defaultConfigurationIsVisible = 0;
			defaultConfigurationName = Release;
		};
		B594394627566AC900D67FD0 /* Build configuration list for PBXNativeTarget "SwiftUI_Combine_MVVM_Demo" */ = {
			isa = XCConfigurationList;
			buildConfigurations = (
				B594394727566AC900D67FD0 /* Debug */,
				B594394827566AC900D67FD0 /* Release */,
			);
			defaultConfigurationIsVisible = 0;
			defaultConfigurationName = Release;
		};
/* End XCConfigurationList section */
	};
	rootObject = B594392A27566AC800D67FD0 /* Project object */;
}
